// !$*UTF8*$!
{
	archiveVersion = 1;
	classes = {
	};
	objectVersion = 46;
	objects = {

/* Begin PBXBuildFile section */
		9F2F02F01D532E960050DE8F /* Hotel.m in Sources */ = {isa = PBXBuildFile; fileRef = 9F2F02E51D532E960050DE8F /* Hotel.m */; };
		9F2F02F11D532E960050DE8F /* main.m in Sources */ = {isa = PBXBuildFile; fileRef = 9F2F02E61D532E960050DE8F /* main.m */; };
		9F2F02F21D532E960050DE8F /* Facade.m in Sources */ = {isa = PBXBuildFile; fileRef = 9F2F02E71D532E960050DE8F /* Facade.m */; };
		9F2F02F31D532E960050DE8F /* Attractions.m in Sources */ = {isa = PBXBuildFile; fileRef = 9F2F02E91D532E960050DE8F /* Attractions.m */; };
		9F2F02F41D532E960050DE8F /* Restaurant.m in Sources */ = {isa = PBXBuildFile; fileRef = 9F2F02EA1D532E960050DE8F /* Restaurant.m */; };
		9F2F02F51D532E960050DE8F /* Transportation.m in Sources */ = {isa = PBXBuildFile; fileRef = 9F2F02EE1D532E960050DE8F /* Transportation.m */; };
		9F2F02FD1D543A680050DE8F /* main.m in Sources */ = {isa = PBXBuildFile; fileRef = 9F2F02FC1D543A680050DE8F /* main.m */; };
		9F2F03081D5463890050DE8F /* ConcreteWebSite.m in Sources */ = {isa = PBXBuildFile; fileRef = 9F2F03021D5463890050DE8F /* ConcreteWebSite.m */; };
		9F2F03091D5463890050DE8F /* User.m in Sources */ = {isa = PBXBuildFile; fileRef = 9F2F03041D5463890050DE8F /* User.m */; };
		9F2F030A1D5463890050DE8F /* WebSiteFactory.m in Sources */ = {isa = PBXBuildFile; fileRef = 9F2F03061D5463890050DE8F /* WebSiteFactory.m */; };
		9F2F03121D54731F0050DE8F /* main.m in Sources */ = {isa = PBXBuildFile; fileRef = 9F2F03111D54731F0050DE8F /* main.m */; };
		9F2F031C1D5473E50050DE8F /* Servant.m in Sources */ = {isa = PBXBuildFile; fileRef = 9F2F031B1D5473E50050DE8F /* Servant.m */; };
		9F2F031F1D54745F0050DE8F /* Master.m in Sources */ = {isa = PBXBuildFile; fileRef = 9F2F031E1D54745F0050DE8F /* Master.m */; };
		9F83769D1D1A66E6000873FD /* main.m in Sources */ = {isa = PBXBuildFile; fileRef = 9F83769C1D1A66E6000873FD /* main.m */; };
		9F8376A31D1A675C000873FD /* AbstractCellPhone.m in Sources */ = {isa = PBXBuildFile; fileRef = 9F8376A21D1A675C000873FD /* AbstractCellPhone.m */; };
		9F8376A61D1A67F0000873FD /* NokiaPhone.m in Sources */ = {isa = PBXBuildFile; fileRef = 9F8376A51D1A67F0000873FD /* NokiaPhone.m */; };
		9F8376A91D1A683E000873FD /* Decorator.m in Sources */ = {isa = PBXBuildFile; fileRef = 9F8376A81D1A683E000873FD /* Decorator.m */; };
		9F8376AC1D1A6910000873FD /* DecoratorGPS.m in Sources */ = {isa = PBXBuildFile; fileRef = 9F8376AB1D1A6910000873FD /* DecoratorGPS.m */; };
		9F8376AF1D1A6B7B000873FD /* DecoratorBluetooth.m in Sources */ = {isa = PBXBuildFile; fileRef = 9F8376AE1D1A6B7B000873FD /* DecoratorBluetooth.m */; };
		9F959F2E1CFD5AF400618248 /* main.m in Sources */ = {isa = PBXBuildFile; fileRef = 9F959F2D1CFD5AF400618248 /* main.m */; };
		9F959F3A1CFD5B3E00618248 /* SimpleFactory.m in Sources */ = {isa = PBXBuildFile; fileRef = 9F959F321CFD5B3E00618248 /* SimpleFactory.m */; };
		9F959F3B1CFD5B3E00618248 /* ICBCBankCard.m in Sources */ = {isa = PBXBuildFile; fileRef = 9F959F341CFD5B3E00618248 /* ICBCBankCard.m */; };
		9F959F3C1CFD5B3E00618248 /* BankCard.m in Sources */ = {isa = PBXBuildFile; fileRef = 9F959F361CFD5B3E00618248 /* BankCard.m */; };
		9F959F3D1CFD5B3E00618248 /* ABCBankCard.m in Sources */ = {isa = PBXBuildFile; fileRef = 9F959F381CFD5B3E00618248 /* ABCBankCard.m */; };
		9F959F5C1CFD7D2B00618248 /* main.m in Sources */ = {isa = PBXBuildFile; fileRef = 9F959F5B1CFD7D2B00618248 /* main.m */; };
		9F959F621CFD7D3B00618248 /* Singleton.m in Sources */ = {isa = PBXBuildFile; fileRef = 9F959F611CFD7D3B00618248 /* Singleton.m */; };
		9F959F6A1CFD811D00618248 /* main.m in Sources */ = {isa = PBXBuildFile; fileRef = 9F959F691CFD811D00618248 /* main.m */; };
		9F959F701CFD813900618248 /* Player.m in Sources */ = {isa = PBXBuildFile; fileRef = 9F959F6F1CFD813900618248 /* Player.m */; };
		9F959F781CFD888400618248 /* main.m in Sources */ = {isa = PBXBuildFile; fileRef = 9F959F771CFD888400618248 /* main.m */; };
		9F959F841CFD891D00618248 /* Shape.m in Sources */ = {isa = PBXBuildFile; fileRef = 9F959F831CFD891D00618248 /* Shape.m */; };
		9F959F871CFD8AD300618248 /* CircleShape.m in Sources */ = {isa = PBXBuildFile; fileRef = 9F959F861CFD8AD300618248 /* CircleShape.m */; };
		9F959F8A1CFD8AF900618248 /* SquareShape.m in Sources */ = {isa = PBXBuildFile; fileRef = 9F959F891CFD8AF900618248 /* SquareShape.m */; };
		9F959F8D1CFD8BB100618248 /* ShapeFactory.m in Sources */ = {isa = PBXBuildFile; fileRef = 9F959F8C1CFD8BB100618248 /* ShapeFactory.m */; };
		9F959F901CFD8BC300618248 /* CircleShapeFactory.m in Sources */ = {isa = PBXBuildFile; fileRef = 9F959F8F1CFD8BC300618248 /* CircleShapeFactory.m */; };
		9F959F931CFD8BDA00618248 /* SquareShapeFactory.m in Sources */ = {isa = PBXBuildFile; fileRef = 9F959F921CFD8BDA00618248 /* SquareShapeFactory.m */; };
		9F959F961CFD8BF000618248 /* Client.m in Sources */ = {isa = PBXBuildFile; fileRef = 9F959F951CFD8BF000618248 /* Client.m */; };
		9F959F9E1CFD980E00618248 /* main.m in Sources */ = {isa = PBXBuildFile; fileRef = 9F959F9D1CFD980E00618248 /* main.m */; };
		9F959FB11CFD98BC00618248 /* OWCPie.m in Sources */ = {isa = PBXBuildFile; fileRef = 9F959FA21CFD98BC00618248 /* OWCPie.m */; };
		9F959FB21CFD98BC00618248 /* OWCLine.m in Sources */ = {isa = PBXBuildFile; fileRef = 9F959FA41CFD98BC00618248 /* OWCLine.m */; };
		9F959FB31CFD98BC00618248 /* OWCFactory.m in Sources */ = {isa = PBXBuildFile; fileRef = 9F959FA61CFD98BC00618248 /* OWCFactory.m */; };
		9F959FB41CFD98BC00618248 /* HTML5Pie.m in Sources */ = {isa = PBXBuildFile; fileRef = 9F959FA81CFD98BC00618248 /* HTML5Pie.m */; };
		9F959FB51CFD98BC00618248 /* HTML5Line.m in Sources */ = {isa = PBXBuildFile; fileRef = 9F959FAA1CFD98BC00618248 /* HTML5Line.m */; };
		9F959FB61CFD98BC00618248 /* HTML5Factory.m in Sources */ = {isa = PBXBuildFile; fileRef = 9F959FAC1CFD98BC00618248 /* HTML5Factory.m */; };
		9F959FC91CFE7A2E00618248 /* main.m in Sources */ = {isa = PBXBuildFile; fileRef = 9F959FC81CFE7A2E00618248 /* main.m */; };
		9F959FCF1CFE7BB000618248 /* CarBuilder.m in Sources */ = {isa = PBXBuildFile; fileRef = 9F959FCE1CFE7BB000618248 /* CarBuilder.m */; };
		9F959FD21CFE7BBC00618248 /* Car.m in Sources */ = {isa = PBXBuildFile; fileRef = 9F959FD11CFE7BBC00618248 /* Car.m */; };
		9F959FDA1CFEBF0B00618248 /* main.m in Sources */ = {isa = PBXBuildFile; fileRef = 9F959FD91CFEBF0B00618248 /* main.m */; };
		9F959FE01CFEC07F00618248 /* BusinessCard.m in Sources */ = {isa = PBXBuildFile; fileRef = 9F959FDF1CFEC07F00618248 /* BusinessCard.m */; };
		9F959FE31CFEC22600618248 /* Model.m in Sources */ = {isa = PBXBuildFile; fileRef = 9F959FE21CFEC22600618248 /* Model.m */; };
		9F959FE71CFECA1400618248 /* CardAdapter.m in Sources */ = {isa = PBXBuildFile; fileRef = 9F959FE61CFECA1400618248 /* CardAdapter.m */; };
		9F959FEA1CFECD7C00618248 /* NewCardModel.m in Sources */ = {isa = PBXBuildFile; fileRef = 9F959FE91CFECD7C00618248 /* NewCardModel.m */; };
		9F959FF21CFED63000618248 /* main.m in Sources */ = {isa = PBXBuildFile; fileRef = 9F959FF11CFED63000618248 /* main.m */; };
		9F95A0011CFED67900618248 /* AbstractRemoteControl.m in Sources */ = {isa = PBXBuildFile; fileRef = 9F959FF71CFED67900618248 /* AbstractRemoteControl.m */; };
		9F95A0021CFED67900618248 /* AbstractTV.m in Sources */ = {isa = PBXBuildFile; fileRef = 9F959FF91CFED67900618248 /* AbstractTV.m */; };
		9F95A0031CFED67900618248 /* ConcreteRemoteControl.m in Sources */ = {isa = PBXBuildFile; fileRef = 9F959FFB1CFED67900618248 /* ConcreteRemoteControl.m */; };
		9F95A0041CFED67900618248 /* TVA.m in Sources */ = {isa = PBXBuildFile; fileRef = 9F959FFD1CFED67900618248 /* TVA.m */; };
		9F95A0051CFED67900618248 /* TVB.m in Sources */ = {isa = PBXBuildFile; fileRef = 9F959FFF1CFED67900618248 /* TVB.m */; };
		9F95A00D1CFEDF6B00618248 /* main.m in Sources */ = {isa = PBXBuildFile; fileRef = 9F95A00C1CFEDF6B00618248 /* main.m */; };
		9F95A0141CFEEB9400618248 /* CompanyComponent.m in Sources */ = {isa = PBXBuildFile; fileRef = 9F95A0131CFEEB9400618248 /* CompanyComponent.m */; };
		9F95A0171CFEEC1600618248 /* CompanyLeaf.m in Sources */ = {isa = PBXBuildFile; fileRef = 9F95A0161CFEEC1600618248 /* CompanyLeaf.m */; };
/* End PBXBuildFile section */

/* Begin PBXCopyFilesBuildPhase section */
		9F2F02DC1D5329830050DE8F /* CopyFiles */ = {
			isa = PBXCopyFilesBuildPhase;
			buildActionMask = 2147483647;
			dstPath = /usr/share/man/man1/;
			dstSubfolderSpec = 0;
			files = (
			);
			runOnlyForDeploymentPostprocessing = 1;
		};
		9F2F02F81D543A680050DE8F /* CopyFiles */ = {
			isa = PBXCopyFilesBuildPhase;
			buildActionMask = 2147483647;
			dstPath = /usr/share/man/man1/;
			dstSubfolderSpec = 0;
			files = (
			);
			runOnlyForDeploymentPostprocessing = 1;
		};
		9F2F030D1D54731F0050DE8F /* CopyFiles */ = {
			isa = PBXCopyFilesBuildPhase;
			buildActionMask = 2147483647;
			dstPath = /usr/share/man/man1/;
			dstSubfolderSpec = 0;
			files = (
			);
			runOnlyForDeploymentPostprocessing = 1;
		};
		9F8376981D1A66E6000873FD /* CopyFiles */ = {
			isa = PBXCopyFilesBuildPhase;
			buildActionMask = 2147483647;
			dstPath = /usr/share/man/man1/;
			dstSubfolderSpec = 0;
			files = (
			);
			runOnlyForDeploymentPostprocessing = 1;
		};
		9F959F291CFD5AF400618248 /* CopyFiles */ = {
			isa = PBXCopyFilesBuildPhase;
			buildActionMask = 2147483647;
			dstPath = /usr/share/man/man1/;
			dstSubfolderSpec = 0;
			files = (
			);
			runOnlyForDeploymentPostprocessing = 1;
		};
		9F959F571CFD7D2B00618248 /* CopyFiles */ = {
			isa = PBXCopyFilesBuildPhase;
			buildActionMask = 2147483647;
			dstPath = /usr/share/man/man1/;
			dstSubfolderSpec = 0;
			files = (
			);
			runOnlyForDeploymentPostprocessing = 1;
		};
		9F959F651CFD811D00618248 /* CopyFiles */ = {
			isa = PBXCopyFilesBuildPhase;
			buildActionMask = 2147483647;
			dstPath = /usr/share/man/man1/;
			dstSubfolderSpec = 0;
			files = (
			);
			runOnlyForDeploymentPostprocessing = 1;
		};
		9F959F731CFD888400618248 /* CopyFiles */ = {
			isa = PBXCopyFilesBuildPhase;
			buildActionMask = 2147483647;
			dstPath = /usr/share/man/man1/;
			dstSubfolderSpec = 0;
			files = (
			);
			runOnlyForDeploymentPostprocessing = 1;
		};
		9F959F991CFD980D00618248 /* CopyFiles */ = {
			isa = PBXCopyFilesBuildPhase;
			buildActionMask = 2147483647;
			dstPath = /usr/share/man/man1/;
			dstSubfolderSpec = 0;
			files = (
			);
			runOnlyForDeploymentPostprocessing = 1;
		};
		9F959FC41CFE7A2E00618248 /* CopyFiles */ = {
			isa = PBXCopyFilesBuildPhase;
			buildActionMask = 2147483647;
			dstPath = /usr/share/man/man1/;
			dstSubfolderSpec = 0;
			files = (
			);
			runOnlyForDeploymentPostprocessing = 1;
		};
		9F959FD51CFEBF0B00618248 /* CopyFiles */ = {
			isa = PBXCopyFilesBuildPhase;
			buildActionMask = 2147483647;
			dstPath = /usr/share/man/man1/;
			dstSubfolderSpec = 0;
			files = (
			);
			runOnlyForDeploymentPostprocessing = 1;
		};
		9F959FED1CFED63000618248 /* CopyFiles */ = {
			isa = PBXCopyFilesBuildPhase;
			buildActionMask = 2147483647;
			dstPath = /usr/share/man/man1/;
			dstSubfolderSpec = 0;
			files = (
			);
			runOnlyForDeploymentPostprocessing = 1;
		};
		9F95A0081CFEDF6B00618248 /* CopyFiles */ = {
			isa = PBXCopyFilesBuildPhase;
			buildActionMask = 2147483647;
			dstPath = /usr/share/man/man1/;
			dstSubfolderSpec = 0;
			files = (
			);
			runOnlyForDeploymentPostprocessing = 1;
		};
/* End PBXCopyFilesBuildPhase section */

/* Begin PBXFileReference section */
		9F2F02DE1D5329830050DE8F /* Facade */ = {isa = PBXFileReference; explicitFileType = "compiled.mach-o.executable"; includeInIndex = 0; path = Facade; sourceTree = BUILT_PRODUCTS_DIR; };
		9F2F02E51D532E960050DE8F /* Hotel.m */ = {isa = PBXFileReference; fileEncoding = 4; lastKnownFileType = sourcecode.c.objc; path = Hotel.m; sourceTree = "<group>"; };
		9F2F02E61D532E960050DE8F /* main.m */ = {isa = PBXFileReference; fileEncoding = 4; lastKnownFileType = sourcecode.c.objc; path = main.m; sourceTree = "<group>"; };
		9F2F02E71D532E960050DE8F /* Facade.m */ = {isa = PBXFileReference; fileEncoding = 4; lastKnownFileType = sourcecode.c.objc; path = Facade.m; sourceTree = "<group>"; };
		9F2F02E81D532E960050DE8F /* Facade.h */ = {isa = PBXFileReference; fileEncoding = 4; lastKnownFileType = sourcecode.c.h; path = Facade.h; sourceTree = "<group>"; };
		9F2F02E91D532E960050DE8F /* Attractions.m */ = {isa = PBXFileReference; fileEncoding = 4; lastKnownFileType = sourcecode.c.objc; path = Attractions.m; sourceTree = "<group>"; };
		9F2F02EA1D532E960050DE8F /* Restaurant.m */ = {isa = PBXFileReference; fileEncoding = 4; lastKnownFileType = sourcecode.c.objc; path = Restaurant.m; sourceTree = "<group>"; };
		9F2F02EB1D532E960050DE8F /* Restaurant.h */ = {isa = PBXFileReference; fileEncoding = 4; lastKnownFileType = sourcecode.c.h; path = Restaurant.h; sourceTree = "<group>"; };
		9F2F02EC1D532E960050DE8F /* Hotel.h */ = {isa = PBXFileReference; fileEncoding = 4; lastKnownFileType = sourcecode.c.h; path = Hotel.h; sourceTree = "<group>"; };
		9F2F02ED1D532E960050DE8F /* Attractions.h */ = {isa = PBXFileReference; fileEncoding = 4; lastKnownFileType = sourcecode.c.h; path = Attractions.h; sourceTree = "<group>"; };
		9F2F02EE1D532E960050DE8F /* Transportation.m */ = {isa = PBXFileReference; fileEncoding = 4; lastKnownFileType = sourcecode.c.objc; path = Transportation.m; sourceTree = "<group>"; };
		9F2F02EF1D532E960050DE8F /* Transportation.h */ = {isa = PBXFileReference; fileEncoding = 4; lastKnownFileType = sourcecode.c.h; path = Transportation.h; sourceTree = "<group>"; };
		9F2F02FA1D543A680050DE8F /* Flyweight */ = {isa = PBXFileReference; explicitFileType = "compiled.mach-o.executable"; includeInIndex = 0; path = Flyweight; sourceTree = BUILT_PRODUCTS_DIR; };
		9F2F02FC1D543A680050DE8F /* main.m */ = {isa = PBXFileReference; lastKnownFileType = sourcecode.c.objc; path = main.m; sourceTree = "<group>"; };
		9F2F03011D5463890050DE8F /* ConcreteWebSite.h */ = {isa = PBXFileReference; fileEncoding = 4; lastKnownFileType = sourcecode.c.h; path = ConcreteWebSite.h; sourceTree = "<group>"; };
		9F2F03021D5463890050DE8F /* ConcreteWebSite.m */ = {isa = PBXFileReference; fileEncoding = 4; lastKnownFileType = sourcecode.c.objc; path = ConcreteWebSite.m; sourceTree = "<group>"; };
		9F2F03031D5463890050DE8F /* User.h */ = {isa = PBXFileReference; fileEncoding = 4; lastKnownFileType = sourcecode.c.h; path = User.h; sourceTree = "<group>"; };
		9F2F03041D5463890050DE8F /* User.m */ = {isa = PBXFileReference; fileEncoding = 4; lastKnownFileType = sourcecode.c.objc; path = User.m; sourceTree = "<group>"; };
		9F2F03051D5463890050DE8F /* WebSiteFactory.h */ = {isa = PBXFileReference; fileEncoding = 4; lastKnownFileType = sourcecode.c.h; path = WebSiteFactory.h; sourceTree = "<group>"; };
		9F2F03061D5463890050DE8F /* WebSiteFactory.m */ = {isa = PBXFileReference; fileEncoding = 4; lastKnownFileType = sourcecode.c.objc; path = WebSiteFactory.m; sourceTree = "<group>"; };
		9F2F03071D5463890050DE8F /* WebSiteProtocol.h */ = {isa = PBXFileReference; fileEncoding = 4; lastKnownFileType = sourcecode.c.h; path = WebSiteProtocol.h; sourceTree = "<group>"; };
		9F2F030F1D54731F0050DE8F /* Proxy */ = {isa = PBXFileReference; explicitFileType = "compiled.mach-o.executable"; includeInIndex = 0; path = Proxy; sourceTree = BUILT_PRODUCTS_DIR; };
		9F2F03111D54731F0050DE8F /* main.m */ = {isa = PBXFileReference; lastKnownFileType = sourcecode.c.objc; path = main.m; sourceTree = "<group>"; };
		9F2F03161D5473850050DE8F /* ServantProtocol.h */ = {isa = PBXFileReference; fileEncoding = 4; lastKnownFileType = sourcecode.c.h; path = ServantProtocol.h; sourceTree = "<group>"; };
		9F2F031A1D5473E50050DE8F /* Servant.h */ = {isa = PBXFileReference; fileEncoding = 4; lastKnownFileType = sourcecode.c.h; path = Servant.h; sourceTree = "<group>"; };
		9F2F031B1D5473E50050DE8F /* Servant.m */ = {isa = PBXFileReference; fileEncoding = 4; lastKnownFileType = sourcecode.c.objc; path = Servant.m; sourceTree = "<group>"; };
		9F2F031D1D54745F0050DE8F /* Master.h */ = {isa = PBXFileReference; fileEncoding = 4; lastKnownFileType = sourcecode.c.h; path = Master.h; sourceTree = "<group>"; };
		9F2F031E1D54745F0050DE8F /* Master.m */ = {isa = PBXFileReference; fileEncoding = 4; lastKnownFileType = sourcecode.c.objc; path = Master.m; sourceTree = "<group>"; };
		9F83769A1D1A66E6000873FD /* Decorator */ = {isa = PBXFileReference; explicitFileType = "compiled.mach-o.executable"; includeInIndex = 0; path = Decorator; sourceTree = BUILT_PRODUCTS_DIR; };
		9F83769C1D1A66E6000873FD /* main.m */ = {isa = PBXFileReference; lastKnownFileType = sourcecode.c.objc; path = main.m; sourceTree = "<group>"; };
		9F8376A11D1A675C000873FD /* AbstractCellPhone.h */ = {isa = PBXFileReference; fileEncoding = 4; lastKnownFileType = sourcecode.c.h; path = AbstractCellPhone.h; sourceTree = "<group>"; };
		9F8376A21D1A675C000873FD /* AbstractCellPhone.m */ = {isa = PBXFileReference; fileEncoding = 4; lastKnownFileType = sourcecode.c.objc; path = AbstractCellPhone.m; sourceTree = "<group>"; };
		9F8376A41D1A67F0000873FD /* NokiaPhone.h */ = {isa = PBXFileReference; fileEncoding = 4; lastKnownFileType = sourcecode.c.h; path = NokiaPhone.h; sourceTree = "<group>"; };
		9F8376A51D1A67F0000873FD /* NokiaPhone.m */ = {isa = PBXFileReference; fileEncoding = 4; lastKnownFileType = sourcecode.c.objc; path = NokiaPhone.m; sourceTree = "<group>"; };
		9F8376A71D1A683E000873FD /* Decorator.h */ = {isa = PBXFileReference; fileEncoding = 4; lastKnownFileType = sourcecode.c.h; path = Decorator.h; sourceTree = "<group>"; };
		9F8376A81D1A683E000873FD /* Decorator.m */ = {isa = PBXFileReference; fileEncoding = 4; lastKnownFileType = sourcecode.c.objc; path = Decorator.m; sourceTree = "<group>"; };
		9F8376AA1D1A6910000873FD /* DecoratorGPS.h */ = {isa = PBXFileReference; fileEncoding = 4; lastKnownFileType = sourcecode.c.h; path = DecoratorGPS.h; sourceTree = "<group>"; };
		9F8376AB1D1A6910000873FD /* DecoratorGPS.m */ = {isa = PBXFileReference; fileEncoding = 4; lastKnownFileType = sourcecode.c.objc; path = DecoratorGPS.m; sourceTree = "<group>"; };
		9F8376AD1D1A6B7B000873FD /* DecoratorBluetooth.h */ = {isa = PBXFileReference; fileEncoding = 4; lastKnownFileType = sourcecode.c.h; path = DecoratorBluetooth.h; sourceTree = "<group>"; };
		9F8376AE1D1A6B7B000873FD /* DecoratorBluetooth.m */ = {isa = PBXFileReference; fileEncoding = 4; lastKnownFileType = sourcecode.c.objc; path = DecoratorBluetooth.m; sourceTree = "<group>"; };
		9F959EA11CFD399C00618248 /* README.md */ = {isa = PBXFileReference; lastKnownFileType = net.daringfireball.markdown; path = README.md; sourceTree = "<group>"; };
		9F959F2B1CFD5AF400618248 /* SimpleFactory */ = {isa = PBXFileReference; explicitFileType = "compiled.mach-o.executable"; includeInIndex = 0; path = SimpleFactory; sourceTree = BUILT_PRODUCTS_DIR; };
		9F959F2D1CFD5AF400618248 /* main.m */ = {isa = PBXFileReference; lastKnownFileType = sourcecode.c.objc; path = main.m; sourceTree = "<group>"; };
		9F959F321CFD5B3E00618248 /* SimpleFactory.m */ = {isa = PBXFileReference; fileEncoding = 4; lastKnownFileType = sourcecode.c.objc; path = SimpleFactory.m; sourceTree = "<group>"; };
		9F959F331CFD5B3E00618248 /* SimpleFactory.h */ = {isa = PBXFileReference; fileEncoding = 4; lastKnownFileType = sourcecode.c.h; path = SimpleFactory.h; sourceTree = "<group>"; };
		9F959F341CFD5B3E00618248 /* ICBCBankCard.m */ = {isa = PBXFileReference; fileEncoding = 4; lastKnownFileType = sourcecode.c.objc; path = ICBCBankCard.m; sourceTree = "<group>"; };
		9F959F351CFD5B3E00618248 /* ICBCBankCard.h */ = {isa = PBXFileReference; fileEncoding = 4; lastKnownFileType = sourcecode.c.h; path = ICBCBankCard.h; sourceTree = "<group>"; };
		9F959F361CFD5B3E00618248 /* BankCard.m */ = {isa = PBXFileReference; fileEncoding = 4; lastKnownFileType = sourcecode.c.objc; path = BankCard.m; sourceTree = "<group>"; };
		9F959F371CFD5B3E00618248 /* BankCard.h */ = {isa = PBXFileReference; fileEncoding = 4; lastKnownFileType = sourcecode.c.h; path = BankCard.h; sourceTree = "<group>"; };
		9F959F381CFD5B3E00618248 /* ABCBankCard.m */ = {isa = PBXFileReference; fileEncoding = 4; lastKnownFileType = sourcecode.c.objc; path = ABCBankCard.m; sourceTree = "<group>"; };
		9F959F391CFD5B3E00618248 /* ABCBankCard.h */ = {isa = PBXFileReference; fileEncoding = 4; lastKnownFileType = sourcecode.c.h; path = ABCBankCard.h; sourceTree = "<group>"; };
		9F959F591CFD7D2B00618248 /* Singleton */ = {isa = PBXFileReference; explicitFileType = "compiled.mach-o.executable"; includeInIndex = 0; path = Singleton; sourceTree = BUILT_PRODUCTS_DIR; };
		9F959F5B1CFD7D2B00618248 /* main.m */ = {isa = PBXFileReference; lastKnownFileType = sourcecode.c.objc; path = main.m; sourceTree = "<group>"; };
		9F959F601CFD7D3B00618248 /* Singleton.h */ = {isa = PBXFileReference; fileEncoding = 4; lastKnownFileType = sourcecode.c.h; path = Singleton.h; sourceTree = "<group>"; };
		9F959F611CFD7D3B00618248 /* Singleton.m */ = {isa = PBXFileReference; fileEncoding = 4; lastKnownFileType = sourcecode.c.objc; path = Singleton.m; sourceTree = "<group>"; };
		9F959F671CFD811D00618248 /* Prototype */ = {isa = PBXFileReference; explicitFileType = "compiled.mach-o.executable"; includeInIndex = 0; path = Prototype; sourceTree = BUILT_PRODUCTS_DIR; };
		9F959F691CFD811D00618248 /* main.m */ = {isa = PBXFileReference; lastKnownFileType = sourcecode.c.objc; path = main.m; sourceTree = "<group>"; };
		9F959F6E1CFD813900618248 /* Player.h */ = {isa = PBXFileReference; fileEncoding = 4; lastKnownFileType = sourcecode.c.h; path = Player.h; sourceTree = "<group>"; };
		9F959F6F1CFD813900618248 /* Player.m */ = {isa = PBXFileReference; fileEncoding = 4; lastKnownFileType = sourcecode.c.objc; path = Player.m; sourceTree = "<group>"; };
		9F959F751CFD888400618248 /* FactoryMethod */ = {isa = PBXFileReference; explicitFileType = "compiled.mach-o.executable"; includeInIndex = 0; path = FactoryMethod; sourceTree = BUILT_PRODUCTS_DIR; };
		9F959F771CFD888400618248 /* main.m */ = {isa = PBXFileReference; lastKnownFileType = sourcecode.c.objc; path = main.m; sourceTree = "<group>"; };
		9F959F821CFD891D00618248 /* Shape.h */ = {isa = PBXFileReference; fileEncoding = 4; lastKnownFileType = sourcecode.c.h; name = Shape.h; path = Product/Shape.h; sourceTree = "<group>"; };
		9F959F831CFD891D00618248 /* Shape.m */ = {isa = PBXFileReference; fileEncoding = 4; lastKnownFileType = sourcecode.c.objc; name = Shape.m; path = Product/Shape.m; sourceTree = "<group>"; };
		9F959F851CFD8AD300618248 /* CircleShape.h */ = {isa = PBXFileReference; fileEncoding = 4; lastKnownFileType = sourcecode.c.h; name = CircleShape.h; path = Product/CircleShape.h; sourceTree = "<group>"; };
		9F959F861CFD8AD300618248 /* CircleShape.m */ = {isa = PBXFileReference; fileEncoding = 4; lastKnownFileType = sourcecode.c.objc; name = CircleShape.m; path = Product/CircleShape.m; sourceTree = "<group>"; };
		9F959F881CFD8AF900618248 /* SquareShape.h */ = {isa = PBXFileReference; fileEncoding = 4; lastKnownFileType = sourcecode.c.h; name = SquareShape.h; path = Product/SquareShape.h; sourceTree = "<group>"; };
		9F959F891CFD8AF900618248 /* SquareShape.m */ = {isa = PBXFileReference; fileEncoding = 4; lastKnownFileType = sourcecode.c.objc; name = SquareShape.m; path = Product/SquareShape.m; sourceTree = "<group>"; };
		9F959F8B1CFD8BB100618248 /* ShapeFactory.h */ = {isa = PBXFileReference; fileEncoding = 4; lastKnownFileType = sourcecode.c.h; name = ShapeFactory.h; path = Creator/ShapeFactory.h; sourceTree = "<group>"; };
		9F959F8C1CFD8BB100618248 /* ShapeFactory.m */ = {isa = PBXFileReference; fileEncoding = 4; lastKnownFileType = sourcecode.c.objc; name = ShapeFactory.m; path = Creator/ShapeFactory.m; sourceTree = "<group>"; };
		9F959F8E1CFD8BC200618248 /* CircleShapeFactory.h */ = {isa = PBXFileReference; fileEncoding = 4; lastKnownFileType = sourcecode.c.h; name = CircleShapeFactory.h; path = Creator/CircleShapeFactory.h; sourceTree = "<group>"; };
		9F959F8F1CFD8BC300618248 /* CircleShapeFactory.m */ = {isa = PBXFileReference; fileEncoding = 4; lastKnownFileType = sourcecode.c.objc; name = CircleShapeFactory.m; path = Creator/CircleShapeFactory.m; sourceTree = "<group>"; };
		9F959F911CFD8BDA00618248 /* SquareShapeFactory.h */ = {isa = PBXFileReference; fileEncoding = 4; lastKnownFileType = sourcecode.c.h; name = SquareShapeFactory.h; path = Creator/SquareShapeFactory.h; sourceTree = "<group>"; };
		9F959F921CFD8BDA00618248 /* SquareShapeFactory.m */ = {isa = PBXFileReference; fileEncoding = 4; lastKnownFileType = sourcecode.c.objc; name = SquareShapeFactory.m; path = Creator/SquareShapeFactory.m; sourceTree = "<group>"; };
		9F959F941CFD8BF000618248 /* Client.h */ = {isa = PBXFileReference; fileEncoding = 4; lastKnownFileType = sourcecode.c.h; name = Client.h; path = Client/Client.h; sourceTree = "<group>"; };
		9F959F951CFD8BF000618248 /* Client.m */ = {isa = PBXFileReference; fileEncoding = 4; lastKnownFileType = sourcecode.c.objc; name = Client.m; path = Client/Client.m; sourceTree = "<group>"; };
		9F959F9B1CFD980D00618248 /* AbstractFactory */ = {isa = PBXFileReference; explicitFileType = "compiled.mach-o.executable"; includeInIndex = 0; path = AbstractFactory; sourceTree = BUILT_PRODUCTS_DIR; };
		9F959F9D1CFD980E00618248 /* main.m */ = {isa = PBXFileReference; lastKnownFileType = sourcecode.c.objc; path = main.m; sourceTree = "<group>"; };
		9F959FA21CFD98BC00618248 /* OWCPie.m */ = {isa = PBXFileReference; fileEncoding = 4; lastKnownFileType = sourcecode.c.objc; path = OWCPie.m; sourceTree = "<group>"; };
		9F959FA31CFD98BC00618248 /* OWCPie.h */ = {isa = PBXFileReference; fileEncoding = 4; lastKnownFileType = sourcecode.c.h; path = OWCPie.h; sourceTree = "<group>"; };
		9F959FA41CFD98BC00618248 /* OWCLine.m */ = {isa = PBXFileReference; fileEncoding = 4; lastKnownFileType = sourcecode.c.objc; path = OWCLine.m; sourceTree = "<group>"; };
		9F959FA51CFD98BC00618248 /* OWCLine.h */ = {isa = PBXFileReference; fileEncoding = 4; lastKnownFileType = sourcecode.c.h; path = OWCLine.h; sourceTree = "<group>"; };
		9F959FA61CFD98BC00618248 /* OWCFactory.m */ = {isa = PBXFileReference; fileEncoding = 4; lastKnownFileType = sourcecode.c.objc; path = OWCFactory.m; sourceTree = "<group>"; };
		9F959FA71CFD98BC00618248 /* OWCFactory.h */ = {isa = PBXFileReference; fileEncoding = 4; lastKnownFileType = sourcecode.c.h; path = OWCFactory.h; sourceTree = "<group>"; };
		9F959FA81CFD98BC00618248 /* HTML5Pie.m */ = {isa = PBXFileReference; fileEncoding = 4; lastKnownFileType = sourcecode.c.objc; path = HTML5Pie.m; sourceTree = "<group>"; };
		9F959FA91CFD98BC00618248 /* HTML5Pie.h */ = {isa = PBXFileReference; fileEncoding = 4; lastKnownFileType = sourcecode.c.h; path = HTML5Pie.h; sourceTree = "<group>"; };
		9F959FAA1CFD98BC00618248 /* HTML5Line.m */ = {isa = PBXFileReference; fileEncoding = 4; lastKnownFileType = sourcecode.c.objc; path = HTML5Line.m; sourceTree = "<group>"; };
		9F959FAB1CFD98BC00618248 /* HTML5Line.h */ = {isa = PBXFileReference; fileEncoding = 4; lastKnownFileType = sourcecode.c.h; path = HTML5Line.h; sourceTree = "<group>"; };
		9F959FAC1CFD98BC00618248 /* HTML5Factory.m */ = {isa = PBXFileReference; fileEncoding = 4; lastKnownFileType = sourcecode.c.objc; path = HTML5Factory.m; sourceTree = "<group>"; };
		9F959FAD1CFD98BC00618248 /* HTML5Factory.h */ = {isa = PBXFileReference; fileEncoding = 4; lastKnownFileType = sourcecode.c.h; path = HTML5Factory.h; sourceTree = "<group>"; };
		9F959FAE1CFD98BC00618248 /* AbstractPie.h */ = {isa = PBXFileReference; fileEncoding = 4; lastKnownFileType = sourcecode.c.h; path = AbstractPie.h; sourceTree = "<group>"; };
		9F959FAF1CFD98BC00618248 /* AbstractLine.h */ = {isa = PBXFileReference; fileEncoding = 4; lastKnownFileType = sourcecode.c.h; path = AbstractLine.h; sourceTree = "<group>"; };
		9F959FB01CFD98BC00618248 /* AbstractFactory.h */ = {isa = PBXFileReference; fileEncoding = 4; lastKnownFileType = sourcecode.c.h; path = AbstractFactory.h; sourceTree = "<group>"; };
		9F959FC61CFE7A2E00618248 /* Builder */ = {isa = PBXFileReference; explicitFileType = "compiled.mach-o.executable"; includeInIndex = 0; path = Builder; sourceTree = BUILT_PRODUCTS_DIR; };
		9F959FC81CFE7A2E00618248 /* main.m */ = {isa = PBXFileReference; lastKnownFileType = sourcecode.c.objc; path = main.m; sourceTree = "<group>"; };
		9F959FCD1CFE7BB000618248 /* CarBuilder.h */ = {isa = PBXFileReference; fileEncoding = 4; lastKnownFileType = sourcecode.c.h; path = CarBuilder.h; sourceTree = "<group>"; };
		9F959FCE1CFE7BB000618248 /* CarBuilder.m */ = {isa = PBXFileReference; fileEncoding = 4; lastKnownFileType = sourcecode.c.objc; path = CarBuilder.m; sourceTree = "<group>"; };
		9F959FD01CFE7BBC00618248 /* Car.h */ = {isa = PBXFileReference; fileEncoding = 4; lastKnownFileType = sourcecode.c.h; path = Car.h; sourceTree = "<group>"; };
		9F959FD11CFE7BBC00618248 /* Car.m */ = {isa = PBXFileReference; fileEncoding = 4; lastKnownFileType = sourcecode.c.objc; path = Car.m; sourceTree = "<group>"; };
		9F959FD71CFEBF0B00618248 /* Adapter */ = {isa = PBXFileReference; explicitFileType = "compiled.mach-o.executable"; includeInIndex = 0; path = Adapter; sourceTree = BUILT_PRODUCTS_DIR; };
		9F959FD91CFEBF0B00618248 /* main.m */ = {isa = PBXFileReference; lastKnownFileType = sourcecode.c.objc; path = main.m; sourceTree = "<group>"; };
		9F959FDE1CFEC07F00618248 /* BusinessCard.h */ = {isa = PBXFileReference; fileEncoding = 4; lastKnownFileType = sourcecode.c.h; path = BusinessCard.h; sourceTree = "<group>"; };
		9F959FDF1CFEC07F00618248 /* BusinessCard.m */ = {isa = PBXFileReference; fileEncoding = 4; lastKnownFileType = sourcecode.c.objc; path = BusinessCard.m; sourceTree = "<group>"; };
		9F959FE11CFEC22600618248 /* Model.h */ = {isa = PBXFileReference; fileEncoding = 4; lastKnownFileType = sourcecode.c.h; path = Model.h; sourceTree = "<group>"; };
		9F959FE21CFEC22600618248 /* Model.m */ = {isa = PBXFileReference; fileEncoding = 4; lastKnownFileType = sourcecode.c.objc; path = Model.m; sourceTree = "<group>"; };
		9F959FE41CFEC9B300618248 /* CardAdapterProtocol.h */ = {isa = PBXFileReference; fileEncoding = 4; lastKnownFileType = sourcecode.c.h; path = CardAdapterProtocol.h; sourceTree = "<group>"; };
		9F959FE51CFECA1400618248 /* CardAdapter.h */ = {isa = PBXFileReference; fileEncoding = 4; lastKnownFileType = sourcecode.c.h; path = CardAdapter.h; sourceTree = "<group>"; };
		9F959FE61CFECA1400618248 /* CardAdapter.m */ = {isa = PBXFileReference; fileEncoding = 4; lastKnownFileType = sourcecode.c.objc; path = CardAdapter.m; sourceTree = "<group>"; };
		9F959FE81CFECD7C00618248 /* NewCardModel.h */ = {isa = PBXFileReference; fileEncoding = 4; lastKnownFileType = sourcecode.c.h; path = NewCardModel.h; sourceTree = "<group>"; };
		9F959FE91CFECD7C00618248 /* NewCardModel.m */ = {isa = PBXFileReference; fileEncoding = 4; lastKnownFileType = sourcecode.c.objc; path = NewCardModel.m; sourceTree = "<group>"; };
		9F959FEF1CFED63000618248 /* Bridge */ = {isa = PBXFileReference; explicitFileType = "compiled.mach-o.executable"; includeInIndex = 0; path = Bridge; sourceTree = BUILT_PRODUCTS_DIR; };
		9F959FF11CFED63000618248 /* main.m */ = {isa = PBXFileReference; lastKnownFileType = sourcecode.c.objc; path = main.m; sourceTree = "<group>"; };
		9F959FF61CFED67900618248 /* AbstractRemoteControl.h */ = {isa = PBXFileReference; fileEncoding = 4; lastKnownFileType = sourcecode.c.h; path = AbstractRemoteControl.h; sourceTree = "<group>"; };
		9F959FF71CFED67900618248 /* AbstractRemoteControl.m */ = {isa = PBXFileReference; fileEncoding = 4; lastKnownFileType = sourcecode.c.objc; path = AbstractRemoteControl.m; sourceTree = "<group>"; };
		9F959FF81CFED67900618248 /* AbstractTV.h */ = {isa = PBXFileReference; fileEncoding = 4; lastKnownFileType = sourcecode.c.h; path = AbstractTV.h; sourceTree = "<group>"; };
		9F959FF91CFED67900618248 /* AbstractTV.m */ = {isa = PBXFileReference; fileEncoding = 4; lastKnownFileType = sourcecode.c.objc; path = AbstractTV.m; sourceTree = "<group>"; };
		9F959FFA1CFED67900618248 /* ConcreteRemoteControl.h */ = {isa = PBXFileReference; fileEncoding = 4; lastKnownFileType = sourcecode.c.h; path = ConcreteRemoteControl.h; sourceTree = "<group>"; };
		9F959FFB1CFED67900618248 /* ConcreteRemoteControl.m */ = {isa = PBXFileReference; fileEncoding = 4; lastKnownFileType = sourcecode.c.objc; path = ConcreteRemoteControl.m; sourceTree = "<group>"; };
		9F959FFC1CFED67900618248 /* TVA.h */ = {isa = PBXFileReference; fileEncoding = 4; lastKnownFileType = sourcecode.c.h; path = TVA.h; sourceTree = "<group>"; };
		9F959FFD1CFED67900618248 /* TVA.m */ = {isa = PBXFileReference; fileEncoding = 4; lastKnownFileType = sourcecode.c.objc; path = TVA.m; sourceTree = "<group>"; };
		9F959FFE1CFED67900618248 /* TVB.h */ = {isa = PBXFileReference; fileEncoding = 4; lastKnownFileType = sourcecode.c.h; path = TVB.h; sourceTree = "<group>"; };
		9F959FFF1CFED67900618248 /* TVB.m */ = {isa = PBXFileReference; fileEncoding = 4; lastKnownFileType = sourcecode.c.objc; path = TVB.m; sourceTree = "<group>"; };
		9F95A0001CFED67900618248 /* TVProtocol.h */ = {isa = PBXFileReference; fileEncoding = 4; lastKnownFileType = sourcecode.c.h; path = TVProtocol.h; sourceTree = "<group>"; };
		9F95A00A1CFEDF6B00618248 /* Composite */ = {isa = PBXFileReference; explicitFileType = "compiled.mach-o.executable"; includeInIndex = 0; path = Composite; sourceTree = BUILT_PRODUCTS_DIR; };
		9F95A00C1CFEDF6B00618248 /* main.m */ = {isa = PBXFileReference; lastKnownFileType = sourcecode.c.objc; path = main.m; sourceTree = "<group>"; };
		9F95A0111CFEEB5500618248 /* CompanyProtocol.h */ = {isa = PBXFileReference; fileEncoding = 4; lastKnownFileType = sourcecode.c.h; path = CompanyProtocol.h; sourceTree = "<group>"; };
		9F95A0121CFEEB9400618248 /* CompanyComponent.h */ = {isa = PBXFileReference; fileEncoding = 4; lastKnownFileType = sourcecode.c.h; path = CompanyComponent.h; sourceTree = "<group>"; };
		9F95A0131CFEEB9400618248 /* CompanyComponent.m */ = {isa = PBXFileReference; fileEncoding = 4; lastKnownFileType = sourcecode.c.objc; path = CompanyComponent.m; sourceTree = "<group>"; };
		9F95A0151CFEEC1600618248 /* CompanyLeaf.h */ = {isa = PBXFileReference; fileEncoding = 4; lastKnownFileType = sourcecode.c.h; path = CompanyLeaf.h; sourceTree = "<group>"; };
		9F95A0161CFEEC1600618248 /* CompanyLeaf.m */ = {isa = PBXFileReference; fileEncoding = 4; lastKnownFileType = sourcecode.c.objc; path = CompanyLeaf.m; sourceTree = "<group>"; };
/* End PBXFileReference section */

/* Begin PBXFrameworksBuildPhase section */
		9F2F02DB1D5329830050DE8F /* Frameworks */ = {
			isa = PBXFrameworksBuildPhase;
			buildActionMask = 2147483647;
			files = (
			);
			runOnlyForDeploymentPostprocessing = 0;
		};
		9F2F02F71D543A680050DE8F /* Frameworks */ = {
			isa = PBXFrameworksBuildPhase;
			buildActionMask = 2147483647;
			files = (
			);
			runOnlyForDeploymentPostprocessing = 0;
		};
		9F2F030C1D54731F0050DE8F /* Frameworks */ = {
			isa = PBXFrameworksBuildPhase;
			buildActionMask = 2147483647;
			files = (
			);
			runOnlyForDeploymentPostprocessing = 0;
		};
		9F8376971D1A66E6000873FD /* Frameworks */ = {
			isa = PBXFrameworksBuildPhase;
			buildActionMask = 2147483647;
			files = (
			);
			runOnlyForDeploymentPostprocessing = 0;
		};
		9F959F281CFD5AF400618248 /* Frameworks */ = {
			isa = PBXFrameworksBuildPhase;
			buildActionMask = 2147483647;
			files = (
			);
			runOnlyForDeploymentPostprocessing = 0;
		};
		9F959F561CFD7D2B00618248 /* Frameworks */ = {
			isa = PBXFrameworksBuildPhase;
			buildActionMask = 2147483647;
			files = (
			);
			runOnlyForDeploymentPostprocessing = 0;
		};
		9F959F641CFD811D00618248 /* Frameworks */ = {
			isa = PBXFrameworksBuildPhase;
			buildActionMask = 2147483647;
			files = (
			);
			runOnlyForDeploymentPostprocessing = 0;
		};
		9F959F721CFD888400618248 /* Frameworks */ = {
			isa = PBXFrameworksBuildPhase;
			buildActionMask = 2147483647;
			files = (
			);
			runOnlyForDeploymentPostprocessing = 0;
		};
		9F959F981CFD980D00618248 /* Frameworks */ = {
			isa = PBXFrameworksBuildPhase;
			buildActionMask = 2147483647;
			files = (
			);
			runOnlyForDeploymentPostprocessing = 0;
		};
		9F959FC31CFE7A2E00618248 /* Frameworks */ = {
			isa = PBXFrameworksBuildPhase;
			buildActionMask = 2147483647;
			files = (
			);
			runOnlyForDeploymentPostprocessing = 0;
		};
		9F959FD41CFEBF0B00618248 /* Frameworks */ = {
			isa = PBXFrameworksBuildPhase;
			buildActionMask = 2147483647;
			files = (
			);
			runOnlyForDeploymentPostprocessing = 0;
		};
		9F959FEC1CFED63000618248 /* Frameworks */ = {
			isa = PBXFrameworksBuildPhase;
			buildActionMask = 2147483647;
			files = (
			);
			runOnlyForDeploymentPostprocessing = 0;
		};
		9F95A0071CFEDF6B00618248 /* Frameworks */ = {
			isa = PBXFrameworksBuildPhase;
			buildActionMask = 2147483647;
			files = (
			);
			runOnlyForDeploymentPostprocessing = 0;
		};
/* End PBXFrameworksBuildPhase section */

/* Begin PBXGroup section */
		9F2F02DF1D5329830050DE8F /* Facade */ = {
			isa = PBXGroup;
			children = (
				9F2F02E81D532E960050DE8F /* Facade.h */,
				9F2F02E71D532E960050DE8F /* Facade.m */,
				9F2F02EF1D532E960050DE8F /* Transportation.h */,
				9F2F02EE1D532E960050DE8F /* Transportation.m */,
				9F2F02EC1D532E960050DE8F /* Hotel.h */,
				9F2F02E51D532E960050DE8F /* Hotel.m */,
				9F2F02EB1D532E960050DE8F /* Restaurant.h */,
				9F2F02EA1D532E960050DE8F /* Restaurant.m */,
				9F2F02ED1D532E960050DE8F /* Attractions.h */,
				9F2F02E91D532E960050DE8F /* Attractions.m */,
				9F2F02E61D532E960050DE8F /* main.m */,
			);
			path = Facade;
			sourceTree = "<group>";
		};
		9F2F02FB1D543A680050DE8F /* Flyweight */ = {
			isa = PBXGroup;
			children = (
				9F2F03071D5463890050DE8F /* WebSiteProtocol.h */,
				9F2F03051D5463890050DE8F /* WebSiteFactory.h */,
				9F2F03061D5463890050DE8F /* WebSiteFactory.m */,
				9F2F03011D5463890050DE8F /* ConcreteWebSite.h */,
				9F2F03021D5463890050DE8F /* ConcreteWebSite.m */,
				9F2F03031D5463890050DE8F /* User.h */,
				9F2F03041D5463890050DE8F /* User.m */,
				9F2F02FC1D543A680050DE8F /* main.m */,
			);
			path = Flyweight;
			sourceTree = "<group>";
		};
		9F2F03101D54731F0050DE8F /* Proxy */ = {
			isa = PBXGroup;
			children = (
				9F2F03161D5473850050DE8F /* ServantProtocol.h */,
				9F2F031A1D5473E50050DE8F /* Servant.h */,
				9F2F031B1D5473E50050DE8F /* Servant.m */,
				9F2F031D1D54745F0050DE8F /* Master.h */,
				9F2F031E1D54745F0050DE8F /* Master.m */,
				9F2F03111D54731F0050DE8F /* main.m */,
			);
			path = Proxy;
			sourceTree = "<group>";
		};
		9F83769B1D1A66E6000873FD /* Decorator */ = {
			isa = PBXGroup;
			children = (
				9F8376A11D1A675C000873FD /* AbstractCellPhone.h */,
				9F8376A21D1A675C000873FD /* AbstractCellPhone.m */,
				9F8376A41D1A67F0000873FD /* NokiaPhone.h */,
				9F8376A51D1A67F0000873FD /* NokiaPhone.m */,
				9F8376A71D1A683E000873FD /* Decorator.h */,
				9F8376A81D1A683E000873FD /* Decorator.m */,
				9F8376AA1D1A6910000873FD /* DecoratorGPS.h */,
				9F8376AB1D1A6910000873FD /* DecoratorGPS.m */,
				9F8376AD1D1A6B7B000873FD /* DecoratorBluetooth.h */,
				9F8376AE1D1A6B7B000873FD /* DecoratorBluetooth.m */,
				9F83769C1D1A66E6000873FD /* main.m */,
			);
			path = Decorator;
			sourceTree = "<group>";
		};
		9F959E8E1CFD36E300618248 = {
			isa = PBXGroup;
			children = (
				9F959F2C1CFD5AF400618248 /* SimpleFactory */,
				9F959F5A1CFD7D2B00618248 /* Singleton */,
				9F959F681CFD811D00618248 /* Prototype */,
				9F959F761CFD888400618248 /* FactoryMethod */,
				9F959F9C1CFD980E00618248 /* AbstractFactory */,
				9F959FC71CFE7A2E00618248 /* Builder */,
				9F959FD81CFEBF0B00618248 /* Adapter */,
				9F959FF01CFED63000618248 /* Bridge */,
				9F95A00B1CFEDF6B00618248 /* Composite */,
				9F83769B1D1A66E6000873FD /* Decorator */,
				9F2F02DF1D5329830050DE8F /* Facade */,
				9F2F02FB1D543A680050DE8F /* Flyweight */,
				9F2F03101D54731F0050DE8F /* Proxy */,
				9F959EA11CFD399C00618248 /* README.md */,
				9F959E981CFD36E300618248 /* Products */,
			);
			sourceTree = "<group>";
		};
		9F959E981CFD36E300618248 /* Products */ = {
			isa = PBXGroup;
			children = (
				9F959F2B1CFD5AF400618248 /* SimpleFactory */,
				9F959F591CFD7D2B00618248 /* Singleton */,
				9F959F671CFD811D00618248 /* Prototype */,
				9F959F751CFD888400618248 /* FactoryMethod */,
				9F959F9B1CFD980D00618248 /* AbstractFactory */,
				9F959FC61CFE7A2E00618248 /* Builder */,
				9F959FD71CFEBF0B00618248 /* Adapter */,
				9F959FEF1CFED63000618248 /* Bridge */,
				9F95A00A1CFEDF6B00618248 /* Composite */,
				9F83769A1D1A66E6000873FD /* Decorator */,
				9F2F02DE1D5329830050DE8F /* Facade */,
				9F2F02FA1D543A680050DE8F /* Flyweight */,
				9F2F030F1D54731F0050DE8F /* Proxy */,
			);
			name = Products;
			sourceTree = "<group>";
		};
		9F959F2C1CFD5AF400618248 /* SimpleFactory */ = {
			isa = PBXGroup;
			children = (
				9F959F371CFD5B3E00618248 /* BankCard.h */,
				9F959F361CFD5B3E00618248 /* BankCard.m */,
				9F959F391CFD5B3E00618248 /* ABCBankCard.h */,
				9F959F381CFD5B3E00618248 /* ABCBankCard.m */,
				9F959F351CFD5B3E00618248 /* ICBCBankCard.h */,
				9F959F341CFD5B3E00618248 /* ICBCBankCard.m */,
				9F959F331CFD5B3E00618248 /* SimpleFactory.h */,
				9F959F321CFD5B3E00618248 /* SimpleFactory.m */,
				9F959F2D1CFD5AF400618248 /* main.m */,
			);
			path = SimpleFactory;
			sourceTree = "<group>";
		};
		9F959F5A1CFD7D2B00618248 /* Singleton */ = {
			isa = PBXGroup;
			children = (
				9F959F601CFD7D3B00618248 /* Singleton.h */,
				9F959F611CFD7D3B00618248 /* Singleton.m */,
				9F959F5B1CFD7D2B00618248 /* main.m */,
			);
			path = Singleton;
			sourceTree = "<group>";
		};
		9F959F681CFD811D00618248 /* Prototype */ = {
			isa = PBXGroup;
			children = (
				9F959F6E1CFD813900618248 /* Player.h */,
				9F959F6F1CFD813900618248 /* Player.m */,
				9F959F691CFD811D00618248 /* main.m */,
			);
			path = Prototype;
			sourceTree = "<group>";
		};
		9F959F761CFD888400618248 /* FactoryMethod */ = {
			isa = PBXGroup;
			children = (
				9F959F7C1CFD88A900618248 /* Client */,
				9F959F7D1CFD88B700618248 /* Product */,
				9F959F7E1CFD88BF00618248 /* Creator */,
				9F959F771CFD888400618248 /* main.m */,
			);
			path = FactoryMethod;
			sourceTree = "<group>";
		};
		9F959F7C1CFD88A900618248 /* Client */ = {
			isa = PBXGroup;
			children = (
				9F959F941CFD8BF000618248 /* Client.h */,
				9F959F951CFD8BF000618248 /* Client.m */,
			);
			name = Client;
			sourceTree = "<group>";
		};
		9F959F7D1CFD88B700618248 /* Product */ = {
			isa = PBXGroup;
			children = (
				9F959F821CFD891D00618248 /* Shape.h */,
				9F959F831CFD891D00618248 /* Shape.m */,
				9F959F851CFD8AD300618248 /* CircleShape.h */,
				9F959F861CFD8AD300618248 /* CircleShape.m */,
				9F959F881CFD8AF900618248 /* SquareShape.h */,
				9F959F891CFD8AF900618248 /* SquareShape.m */,
			);
			name = Product;
			sourceTree = "<group>";
		};
		9F959F7E1CFD88BF00618248 /* Creator */ = {
			isa = PBXGroup;
			children = (
				9F959F8B1CFD8BB100618248 /* ShapeFactory.h */,
				9F959F8C1CFD8BB100618248 /* ShapeFactory.m */,
				9F959F8E1CFD8BC200618248 /* CircleShapeFactory.h */,
				9F959F8F1CFD8BC300618248 /* CircleShapeFactory.m */,
				9F959F911CFD8BDA00618248 /* SquareShapeFactory.h */,
				9F959F921CFD8BDA00618248 /* SquareShapeFactory.m */,
			);
			name = Creator;
			sourceTree = "<group>";
		};
		9F959F9C1CFD980E00618248 /* AbstractFactory */ = {
			isa = PBXGroup;
			children = (
				9F959FAE1CFD98BC00618248 /* AbstractPie.h */,
				9F959FAF1CFD98BC00618248 /* AbstractLine.h */,
				9F959FB01CFD98BC00618248 /* AbstractFactory.h */,
				9F959FA31CFD98BC00618248 /* OWCPie.h */,
				9F959FA21CFD98BC00618248 /* OWCPie.m */,
				9F959FA51CFD98BC00618248 /* OWCLine.h */,
				9F959FA41CFD98BC00618248 /* OWCLine.m */,
				9F959FA71CFD98BC00618248 /* OWCFactory.h */,
				9F959FA61CFD98BC00618248 /* OWCFactory.m */,
				9F959FA91CFD98BC00618248 /* HTML5Pie.h */,
				9F959FA81CFD98BC00618248 /* HTML5Pie.m */,
				9F959FAB1CFD98BC00618248 /* HTML5Line.h */,
				9F959FAA1CFD98BC00618248 /* HTML5Line.m */,
				9F959FAD1CFD98BC00618248 /* HTML5Factory.h */,
				9F959FAC1CFD98BC00618248 /* HTML5Factory.m */,
				9F959F9D1CFD980E00618248 /* main.m */,
			);
			path = AbstractFactory;
			sourceTree = "<group>";
		};
		9F959FC71CFE7A2E00618248 /* Builder */ = {
			isa = PBXGroup;
			children = (
				9F959FCD1CFE7BB000618248 /* CarBuilder.h */,
				9F959FCE1CFE7BB000618248 /* CarBuilder.m */,
				9F959FD01CFE7BBC00618248 /* Car.h */,
				9F959FD11CFE7BBC00618248 /* Car.m */,
				9F959FC81CFE7A2E00618248 /* main.m */,
			);
			path = Builder;
			sourceTree = "<group>";
		};
		9F959FD81CFEBF0B00618248 /* Adapter */ = {
			isa = PBXGroup;
			children = (
				9F959FDE1CFEC07F00618248 /* BusinessCard.h */,
				9F959FDF1CFEC07F00618248 /* BusinessCard.m */,
				9F959FE41CFEC9B300618248 /* CardAdapterProtocol.h */,
				9F959FE51CFECA1400618248 /* CardAdapter.h */,
				9F959FE61CFECA1400618248 /* CardAdapter.m */,
				9F959FE11CFEC22600618248 /* Model.h */,
				9F959FE21CFEC22600618248 /* Model.m */,
				9F959FE81CFECD7C00618248 /* NewCardModel.h */,
				9F959FE91CFECD7C00618248 /* NewCardModel.m */,
				9F959FD91CFEBF0B00618248 /* main.m */,
			);
			path = Adapter;
			sourceTree = "<group>";
		};
		9F959FF01CFED63000618248 /* Bridge */ = {
			isa = PBXGroup;
			children = (
				9F959FF61CFED67900618248 /* AbstractRemoteControl.h */,
				9F959FF71CFED67900618248 /* AbstractRemoteControl.m */,
				9F95A0001CFED67900618248 /* TVProtocol.h */,
				9F959FF81CFED67900618248 /* AbstractTV.h */,
				9F959FF91CFED67900618248 /* AbstractTV.m */,
				9F959FFA1CFED67900618248 /* ConcreteRemoteControl.h */,
				9F959FFB1CFED67900618248 /* ConcreteRemoteControl.m */,
				9F959FFC1CFED67900618248 /* TVA.h */,
				9F959FFD1CFED67900618248 /* TVA.m */,
				9F959FFE1CFED67900618248 /* TVB.h */,
				9F959FFF1CFED67900618248 /* TVB.m */,
				9F959FF11CFED63000618248 /* main.m */,
			);
			path = Bridge;
			sourceTree = "<group>";
		};
		9F95A00B1CFEDF6B00618248 /* Composite */ = {
			isa = PBXGroup;
			children = (
				9F95A0111CFEEB5500618248 /* CompanyProtocol.h */,
				9F95A0121CFEEB9400618248 /* CompanyComponent.h */,
				9F95A0131CFEEB9400618248 /* CompanyComponent.m */,
				9F95A0151CFEEC1600618248 /* CompanyLeaf.h */,
				9F95A0161CFEEC1600618248 /* CompanyLeaf.m */,
				9F95A00C1CFEDF6B00618248 /* main.m */,
			);
			path = Composite;
			sourceTree = "<group>";
		};
/* End PBXGroup section */

/* Begin PBXNativeTarget section */
		9F2F02DD1D5329830050DE8F /* Facade */ = {
			isa = PBXNativeTarget;
			buildConfigurationList = 9F2F02E41D5329830050DE8F /* Build configuration list for PBXNativeTarget "Facade" */;
			buildPhases = (
				9F2F02DA1D5329830050DE8F /* Sources */,
				9F2F02DB1D5329830050DE8F /* Frameworks */,
				9F2F02DC1D5329830050DE8F /* CopyFiles */,
			);
			buildRules = (
			);
			dependencies = (
			);
			name = Facade;
			productName = Facade;
			productReference = 9F2F02DE1D5329830050DE8F /* Facade */;
			productType = "com.apple.product-type.tool";
		};
		9F2F02F91D543A680050DE8F /* Flyweight */ = {
			isa = PBXNativeTarget;
			buildConfigurationList = 9F2F02FE1D543A680050DE8F /* Build configuration list for PBXNativeTarget "Flyweight" */;
			buildPhases = (
				9F2F02F61D543A680050DE8F /* Sources */,
				9F2F02F71D543A680050DE8F /* Frameworks */,
				9F2F02F81D543A680050DE8F /* CopyFiles */,
			);
			buildRules = (
			);
			dependencies = (
			);
			name = Flyweight;
			productName = Flyweight;
			productReference = 9F2F02FA1D543A680050DE8F /* Flyweight */;
			productType = "com.apple.product-type.tool";
		};
		9F2F030E1D54731F0050DE8F /* Proxy */ = {
			isa = PBXNativeTarget;
			buildConfigurationList = 9F2F03131D54731F0050DE8F /* Build configuration list for PBXNativeTarget "Proxy" */;
			buildPhases = (
				9F2F030B1D54731F0050DE8F /* Sources */,
				9F2F030C1D54731F0050DE8F /* Frameworks */,
				9F2F030D1D54731F0050DE8F /* CopyFiles */,
			);
			buildRules = (
			);
			dependencies = (
			);
			name = Proxy;
			productName = Proxy;
			productReference = 9F2F030F1D54731F0050DE8F /* Proxy */;
			productType = "com.apple.product-type.tool";
		};
		9F8376991D1A66E6000873FD /* Decorator */ = {
			isa = PBXNativeTarget;
			buildConfigurationList = 9F8376A01D1A66E6000873FD /* Build configuration list for PBXNativeTarget "Decorator" */;
			buildPhases = (
				9F8376961D1A66E6000873FD /* Sources */,
				9F8376971D1A66E6000873FD /* Frameworks */,
				9F8376981D1A66E6000873FD /* CopyFiles */,
			);
			buildRules = (
			);
			dependencies = (
			);
			name = Decorator;
			productName = Decorator;
			productReference = 9F83769A1D1A66E6000873FD /* Decorator */;
			productType = "com.apple.product-type.tool";
		};
		9F959F2A1CFD5AF400618248 /* SimpleFactory */ = {
			isa = PBXNativeTarget;
			buildConfigurationList = 9F959F2F1CFD5AF400618248 /* Build configuration list for PBXNativeTarget "SimpleFactory" */;
			buildPhases = (
				9F959F271CFD5AF400618248 /* Sources */,
				9F959F281CFD5AF400618248 /* Frameworks */,
				9F959F291CFD5AF400618248 /* CopyFiles */,
			);
			buildRules = (
			);
			dependencies = (
			);
			name = SimpleFactory;
			productName = SimpleFactory;
			productReference = 9F959F2B1CFD5AF400618248 /* SimpleFactory */;
			productType = "com.apple.product-type.tool";
		};
		9F959F581CFD7D2B00618248 /* Singleton */ = {
			isa = PBXNativeTarget;
			buildConfigurationList = 9F959F5D1CFD7D2B00618248 /* Build configuration list for PBXNativeTarget "Singleton" */;
			buildPhases = (
				9F959F551CFD7D2B00618248 /* Sources */,
				9F959F561CFD7D2B00618248 /* Frameworks */,
				9F959F571CFD7D2B00618248 /* CopyFiles */,
			);
			buildRules = (
			);
			dependencies = (
			);
			name = Singleton;
			productName = Singleton;
			productReference = 9F959F591CFD7D2B00618248 /* Singleton */;
			productType = "com.apple.product-type.tool";
		};
		9F959F661CFD811D00618248 /* Prototype */ = {
			isa = PBXNativeTarget;
			buildConfigurationList = 9F959F6B1CFD811D00618248 /* Build configuration list for PBXNativeTarget "Prototype" */;
			buildPhases = (
				9F959F631CFD811D00618248 /* Sources */,
				9F959F641CFD811D00618248 /* Frameworks */,
				9F959F651CFD811D00618248 /* CopyFiles */,
			);
			buildRules = (
			);
			dependencies = (
			);
			name = Prototype;
			productName = Prototype;
			productReference = 9F959F671CFD811D00618248 /* Prototype */;
			productType = "com.apple.product-type.tool";
		};
		9F959F741CFD888400618248 /* FactoryMethod */ = {
			isa = PBXNativeTarget;
			buildConfigurationList = 9F959F791CFD888400618248 /* Build configuration list for PBXNativeTarget "FactoryMethod" */;
			buildPhases = (
				9F959F711CFD888400618248 /* Sources */,
				9F959F721CFD888400618248 /* Frameworks */,
				9F959F731CFD888400618248 /* CopyFiles */,
			);
			buildRules = (
			);
			dependencies = (
			);
			name = FactoryMethod;
			productName = FactoryMethod;
			productReference = 9F959F751CFD888400618248 /* FactoryMethod */;
			productType = "com.apple.product-type.tool";
		};
		9F959F9A1CFD980D00618248 /* AbstractFactory */ = {
			isa = PBXNativeTarget;
			buildConfigurationList = 9F959F9F1CFD980E00618248 /* Build configuration list for PBXNativeTarget "AbstractFactory" */;
			buildPhases = (
				9F959F971CFD980D00618248 /* Sources */,
				9F959F981CFD980D00618248 /* Frameworks */,
				9F959F991CFD980D00618248 /* CopyFiles */,
			);
			buildRules = (
			);
			dependencies = (
			);
			name = AbstractFactory;
			productName = AbstractFactory;
			productReference = 9F959F9B1CFD980D00618248 /* AbstractFactory */;
			productType = "com.apple.product-type.tool";
		};
		9F959FC51CFE7A2E00618248 /* Builder */ = {
			isa = PBXNativeTarget;
			buildConfigurationList = 9F959FCA1CFE7A2E00618248 /* Build configuration list for PBXNativeTarget "Builder" */;
			buildPhases = (
				9F959FC21CFE7A2E00618248 /* Sources */,
				9F959FC31CFE7A2E00618248 /* Frameworks */,
				9F959FC41CFE7A2E00618248 /* CopyFiles */,
			);
			buildRules = (
			);
			dependencies = (
			);
			name = Builder;
			productName = Builder;
			productReference = 9F959FC61CFE7A2E00618248 /* Builder */;
			productType = "com.apple.product-type.tool";
		};
		9F959FD61CFEBF0B00618248 /* Adapter */ = {
			isa = PBXNativeTarget;
			buildConfigurationList = 9F959FDB1CFEBF0B00618248 /* Build configuration list for PBXNativeTarget "Adapter" */;
			buildPhases = (
				9F959FD31CFEBF0B00618248 /* Sources */,
				9F959FD41CFEBF0B00618248 /* Frameworks */,
				9F959FD51CFEBF0B00618248 /* CopyFiles */,
			);
			buildRules = (
			);
			dependencies = (
			);
			name = Adapter;
			productName = Adapter;
			productReference = 9F959FD71CFEBF0B00618248 /* Adapter */;
			productType = "com.apple.product-type.tool";
		};
		9F959FEE1CFED63000618248 /* Bridge */ = {
			isa = PBXNativeTarget;
			buildConfigurationList = 9F959FF31CFED63000618248 /* Build configuration list for PBXNativeTarget "Bridge" */;
			buildPhases = (
				9F959FEB1CFED63000618248 /* Sources */,
				9F959FEC1CFED63000618248 /* Frameworks */,
				9F959FED1CFED63000618248 /* CopyFiles */,
			);
			buildRules = (
			);
			dependencies = (
			);
			name = Bridge;
			productName = Bridge;
			productReference = 9F959FEF1CFED63000618248 /* Bridge */;
			productType = "com.apple.product-type.tool";
		};
		9F95A0091CFEDF6B00618248 /* Composite */ = {
			isa = PBXNativeTarget;
			buildConfigurationList = 9F95A00E1CFEDF6B00618248 /* Build configuration list for PBXNativeTarget "Composite" */;
			buildPhases = (
				9F95A0061CFEDF6B00618248 /* Sources */,
				9F95A0071CFEDF6B00618248 /* Frameworks */,
				9F95A0081CFEDF6B00618248 /* CopyFiles */,
			);
			buildRules = (
			);
			dependencies = (
			);
			name = Composite;
			productName = Composite;
			productReference = 9F95A00A1CFEDF6B00618248 /* Composite */;
			productType = "com.apple.product-type.tool";
		};
/* End PBXNativeTarget section */

/* Begin PBXProject section */
		9F959E8F1CFD36E300618248 /* Project object */ = {
			isa = PBXProject;
			attributes = {
				LastUpgradeCheck = 0730;
				ORGANIZATIONNAME = "Terwer Green";
				TargetAttributes = {
					9F2F02DD1D5329830050DE8F = {
						CreatedOnToolsVersion = 7.3.1;
					};
					9F2F02F91D543A680050DE8F = {
						CreatedOnToolsVersion = 7.3.1;
					};
					9F2F030E1D54731F0050DE8F = {
						CreatedOnToolsVersion = 7.3.1;
					};
					9F8376991D1A66E6000873FD = {
						CreatedOnToolsVersion = 7.3.1;
					};
					9F959F2A1CFD5AF400618248 = {
						CreatedOnToolsVersion = 7.3.1;
					};
					9F959F581CFD7D2B00618248 = {
						CreatedOnToolsVersion = 7.3.1;
					};
					9F959F661CFD811D00618248 = {
						CreatedOnToolsVersion = 7.3.1;
					};
					9F959F741CFD888400618248 = {
						CreatedOnToolsVersion = 7.3.1;
					};
					9F959F9A1CFD980D00618248 = {
						CreatedOnToolsVersion = 7.3.1;
					};
					9F959FC51CFE7A2E00618248 = {
						CreatedOnToolsVersion = 7.3.1;
					};
					9F959FD61CFEBF0B00618248 = {
						CreatedOnToolsVersion = 7.3.1;
					};
					9F959FEE1CFED63000618248 = {
						CreatedOnToolsVersion = 7.3.1;
					};
					9F95A0091CFEDF6B00618248 = {
						CreatedOnToolsVersion = 7.3.1;
					};
				};
			};
			buildConfigurationList = 9F959E921CFD36E300618248 /* Build configuration list for PBXProject "DesginPattern" */;
			compatibilityVersion = "Xcode 3.2";
			developmentRegion = English;
			hasScannedForEncodings = 0;
			knownRegions = (
				en,
				Base,
			);
			mainGroup = 9F959E8E1CFD36E300618248;
			productRefGroup = 9F959E981CFD36E300618248 /* Products */;
			projectDirPath = "";
			projectRoot = "";
			targets = (
				9F959F2A1CFD5AF400618248 /* SimpleFactory */,
				9F959F581CFD7D2B00618248 /* Singleton */,
				9F959F661CFD811D00618248 /* Prototype */,
				9F959F741CFD888400618248 /* FactoryMethod */,
				9F959F9A1CFD980D00618248 /* AbstractFactory */,
				9F959FC51CFE7A2E00618248 /* Builder */,
				9F959FD61CFEBF0B00618248 /* Adapter */,
				9F959FEE1CFED63000618248 /* Bridge */,
				9F95A0091CFEDF6B00618248 /* Composite */,
				9F8376991D1A66E6000873FD /* Decorator */,
				9F2F02DD1D5329830050DE8F /* Facade */,
				9F2F02F91D543A680050DE8F /* Flyweight */,
				9F2F030E1D54731F0050DE8F /* Proxy */,
			);
		};
/* End PBXProject section */

/* Begin PBXSourcesBuildPhase section */
		9F2F02DA1D5329830050DE8F /* Sources */ = {
			isa = PBXSourcesBuildPhase;
			buildActionMask = 2147483647;
			files = (
				9F2F02F31D532E960050DE8F /* Attractions.m in Sources */,
				9F2F02F41D532E960050DE8F /* Restaurant.m in Sources */,
				9F2F02F11D532E960050DE8F /* main.m in Sources */,
				9F2F02F51D532E960050DE8F /* Transportation.m in Sources */,
				9F2F02F21D532E960050DE8F /* Facade.m in Sources */,
				9F2F02F01D532E960050DE8F /* Hotel.m in Sources */,
			);
			runOnlyForDeploymentPostprocessing = 0;
		};
		9F2F02F61D543A680050DE8F /* Sources */ = {
			isa = PBXSourcesBuildPhase;
			buildActionMask = 2147483647;
			files = (
				9F2F03081D5463890050DE8F /* ConcreteWebSite.m in Sources */,
				9F2F02FD1D543A680050DE8F /* main.m in Sources */,
				9F2F030A1D5463890050DE8F /* WebSiteFactory.m in Sources */,
				9F2F03091D5463890050DE8F /* User.m in Sources */,
			);
			runOnlyForDeploymentPostprocessing = 0;
		};
		9F2F030B1D54731F0050DE8F /* Sources */ = {
			isa = PBXSourcesBuildPhase;
			buildActionMask = 2147483647;
			files = (
				9F2F03121D54731F0050DE8F /* main.m in Sources */,
				9F2F031F1D54745F0050DE8F /* Master.m in Sources */,
				9F2F031C1D5473E50050DE8F /* Servant.m in Sources */,
			);
			runOnlyForDeploymentPostprocessing = 0;
		};
		9F8376961D1A66E6000873FD /* Sources */ = {
			isa = PBXSourcesBuildPhase;
			buildActionMask = 2147483647;
			files = (
				9F8376A31D1A675C000873FD /* AbstractCellPhone.m in Sources */,
				9F8376A91D1A683E000873FD /* Decorator.m in Sources */,
				9F8376AF1D1A6B7B000873FD /* DecoratorBluetooth.m in Sources */,
				9F8376A61D1A67F0000873FD /* NokiaPhone.m in Sources */,
				9F83769D1D1A66E6000873FD /* main.m in Sources */,
				9F8376AC1D1A6910000873FD /* DecoratorGPS.m in Sources */,
			);
			runOnlyForDeploymentPostprocessing = 0;
		};
		9F959F271CFD5AF400618248 /* Sources */ = {
			isa = PBXSourcesBuildPhase;
			buildActionMask = 2147483647;
			files = (
				9F959F3B1CFD5B3E00618248 /* ICBCBankCard.m in Sources */,
				9F959F3A1CFD5B3E00618248 /* SimpleFactory.m in Sources */,
				9F959F3D1CFD5B3E00618248 /* ABCBankCard.m in Sources */,
				9F959F2E1CFD5AF400618248 /* main.m in Sources */,
				9F959F3C1CFD5B3E00618248 /* BankCard.m in Sources */,
			);
			runOnlyForDeploymentPostprocessing = 0;
		};
		9F959F551CFD7D2B00618248 /* Sources */ = {
			isa = PBXSourcesBuildPhase;
			buildActionMask = 2147483647;
			files = (
				9F959F5C1CFD7D2B00618248 /* main.m in Sources */,
				9F959F621CFD7D3B00618248 /* Singleton.m in Sources */,
			);
			runOnlyForDeploymentPostprocessing = 0;
		};
		9F959F631CFD811D00618248 /* Sources */ = {
			isa = PBXSourcesBuildPhase;
			buildActionMask = 2147483647;
			files = (
				9F959F701CFD813900618248 /* Player.m in Sources */,
				9F959F6A1CFD811D00618248 /* main.m in Sources */,
			);
			runOnlyForDeploymentPostprocessing = 0;
		};
		9F959F711CFD888400618248 /* Sources */ = {
			isa = PBXSourcesBuildPhase;
			buildActionMask = 2147483647;
			files = (
				9F959F871CFD8AD300618248 /* CircleShape.m in Sources */,
				9F959F781CFD888400618248 /* main.m in Sources */,
				9F959F961CFD8BF000618248 /* Client.m in Sources */,
				9F959F8D1CFD8BB100618248 /* ShapeFactory.m in Sources */,
				9F959F8A1CFD8AF900618248 /* SquareShape.m in Sources */,
				9F959F931CFD8BDA00618248 /* SquareShapeFactory.m in Sources */,
				9F959F901CFD8BC300618248 /* CircleShapeFactory.m in Sources */,
				9F959F841CFD891D00618248 /* Shape.m in Sources */,
			);
			runOnlyForDeploymentPostprocessing = 0;
		};
		9F959F971CFD980D00618248 /* Sources */ = {
			isa = PBXSourcesBuildPhase;
			buildActionMask = 2147483647;
			files = (
				9F959FB41CFD98BC00618248 /* HTML5Pie.m in Sources */,
				9F959FB61CFD98BC00618248 /* HTML5Factory.m in Sources */,
				9F959FB31CFD98BC00618248 /* OWCFactory.m in Sources */,
				9F959FB51CFD98BC00618248 /* HTML5Line.m in Sources */,
				9F959FB21CFD98BC00618248 /* OWCLine.m in Sources */,
				9F959FB11CFD98BC00618248 /* OWCPie.m in Sources */,
				9F959F9E1CFD980E00618248 /* main.m in Sources */,
			);
			runOnlyForDeploymentPostprocessing = 0;
		};
		9F959FC21CFE7A2E00618248 /* Sources */ = {
			isa = PBXSourcesBuildPhase;
			buildActionMask = 2147483647;
			files = (
				9F959FD21CFE7BBC00618248 /* Car.m in Sources */,
				9F959FCF1CFE7BB000618248 /* CarBuilder.m in Sources */,
				9F959FC91CFE7A2E00618248 /* main.m in Sources */,
			);
			runOnlyForDeploymentPostprocessing = 0;
		};
		9F959FD31CFEBF0B00618248 /* Sources */ = {
			isa = PBXSourcesBuildPhase;
			buildActionMask = 2147483647;
			files = (
				9F959FE31CFEC22600618248 /* Model.m in Sources */,
				9F959FDA1CFEBF0B00618248 /* main.m in Sources */,
				9F959FEA1CFECD7C00618248 /* NewCardModel.m in Sources */,
				9F959FE01CFEC07F00618248 /* BusinessCard.m in Sources */,
				9F959FE71CFECA1400618248 /* CardAdapter.m in Sources */,
			);
			runOnlyForDeploymentPostprocessing = 0;
		};
		9F959FEB1CFED63000618248 /* Sources */ = {
			isa = PBXSourcesBuildPhase;
			buildActionMask = 2147483647;
			files = (
				9F95A0051CFED67900618248 /* TVB.m in Sources */,
				9F959FF21CFED63000618248 /* main.m in Sources */,
				9F95A0011CFED67900618248 /* AbstractRemoteControl.m in Sources */,
				9F95A0031CFED67900618248 /* ConcreteRemoteControl.m in Sources */,
				9F95A0021CFED67900618248 /* AbstractTV.m in Sources */,
				9F95A0041CFED67900618248 /* TVA.m in Sources */,
			);
			runOnlyForDeploymentPostprocessing = 0;
		};
		9F95A0061CFEDF6B00618248 /* Sources */ = {
			isa = PBXSourcesBuildPhase;
			buildActionMask = 2147483647;
			files = (
				9F95A00D1CFEDF6B00618248 /* main.m in Sources */,
				9F95A0141CFEEB9400618248 /* CompanyComponent.m in Sources */,
				9F95A0171CFEEC1600618248 /* CompanyLeaf.m in Sources */,
			);
			runOnlyForDeploymentPostprocessing = 0;
		};
/* End PBXSourcesBuildPhase section */

/* Begin XCBuildConfiguration section */
		9F2F02E21D5329830050DE8F /* Debug */ = {
			isa = XCBuildConfiguration;
			buildSettings = {
				PRODUCT_NAME = "$(TARGET_NAME)";
			};
			name = Debug;
		};
		9F2F02E31D5329830050DE8F /* Release */ = {
			isa = XCBuildConfiguration;
			buildSettings = {
				PRODUCT_NAME = "$(TARGET_NAME)";
			};
			name = Release;
		};
		9F2F02FF1D543A680050DE8F /* Debug */ = {
			isa = XCBuildConfiguration;
			buildSettings = {
				PRODUCT_NAME = "$(TARGET_NAME)";
			};
			name = Debug;
		};
		9F2F03001D543A680050DE8F /* Release */ = {
			isa = XCBuildConfiguration;
			buildSettings = {
				PRODUCT_NAME = "$(TARGET_NAME)";
			};
			name = Release;
		};
		9F2F03141D54731F0050DE8F /* Debug */ = {
			isa = XCBuildConfiguration;
			buildSettings = {
				PRODUCT_NAME = "$(TARGET_NAME)";
			};
			name = Debug;
		};
		9F2F03151D54731F0050DE8F /* Release */ = {
			isa = XCBuildConfiguration;
			buildSettings = {
				PRODUCT_NAME = "$(TARGET_NAME)";
			};
			name = Release;
		};
		9F83769E1D1A66E6000873FD /* Debug */ = {
			isa = XCBuildConfiguration;
			buildSettings = {
				PRODUCT_NAME = "$(TARGET_NAME)";
			};
			name = Debug;
		};
		9F83769F1D1A66E6000873FD /* Release */ = {
			isa = XCBuildConfiguration;
			buildSettings = {
				PRODUCT_NAME = "$(TARGET_NAME)";
			};
			name = Release;
		};
		9F959E9C1CFD36E300618248 /* Debug */ = {
			isa = XCBuildConfiguration;
			buildSettings = {
				ALWAYS_SEARCH_USER_PATHS = NO;
				CLANG_ANALYZER_NONNULL = YES;
				CLANG_CXX_LANGUAGE_STANDARD = "gnu++0x";
				CLANG_CXX_LIBRARY = "libc++";
				CLANG_ENABLE_MODULES = YES;
				CLANG_ENABLE_OBJC_ARC = YES;
				CLANG_WARN_BOOL_CONVERSION = YES;
				CLANG_WARN_CONSTANT_CONVERSION = YES;
				CLANG_WARN_DIRECT_OBJC_ISA_USAGE = YES_ERROR;
				CLANG_WARN_EMPTY_BODY = YES;
				CLANG_WARN_ENUM_CONVERSION = YES;
				CLANG_WARN_INT_CONVERSION = YES;
				CLANG_WARN_OBJC_ROOT_CLASS = YES_ERROR;
				CLANG_WARN_UNREACHABLE_CODE = YES;
				CLANG_WARN__DUPLICATE_METHOD_MATCH = YES;
				CODE_SIGN_IDENTITY = "-";
				COPY_PHASE_STRIP = NO;
				DEBUG_INFORMATION_FORMAT = dwarf;
				ENABLE_STRICT_OBJC_MSGSEND = YES;
				ENABLE_TESTABILITY = YES;
				GCC_C_LANGUAGE_STANDARD = gnu99;
				GCC_DYNAMIC_NO_PIC = NO;
				GCC_NO_COMMON_BLOCKS = YES;
				GCC_OPTIMIZATION_LEVEL = 0;
				GCC_PREPROCESSOR_DEFINITIONS = (
					"DEBUG=1",
					"$(inherited)",
				);
				GCC_WARN_64_TO_32_BIT_CONVERSION = YES;
				GCC_WARN_ABOUT_RETURN_TYPE = YES_ERROR;
				GCC_WARN_UNDECLARED_SELECTOR = YES;
				GCC_WARN_UNINITIALIZED_AUTOS = YES_AGGRESSIVE;
				GCC_WARN_UNUSED_FUNCTION = YES;
				GCC_WARN_UNUSED_VARIABLE = YES;
				MACOSX_DEPLOYMENT_TARGET = 10.11;
				MTL_ENABLE_DEBUG_INFO = YES;
				ONLY_ACTIVE_ARCH = YES;
				SDKROOT = macosx;
			};
			name = Debug;
		};
		9F959E9D1CFD36E300618248 /* Release */ = {
			isa = XCBuildConfiguration;
			buildSettings = {
				ALWAYS_SEARCH_USER_PATHS = NO;
				CLANG_ANALYZER_NONNULL = YES;
				CLANG_CXX_LANGUAGE_STANDARD = "gnu++0x";
				CLANG_CXX_LIBRARY = "libc++";
				CLANG_ENABLE_MODULES = YES;
				CLANG_ENABLE_OBJC_ARC = YES;
				CLANG_WARN_BOOL_CONVERSION = YES;
				CLANG_WARN_CONSTANT_CONVERSION = YES;
				CLANG_WARN_DIRECT_OBJC_ISA_USAGE = YES_ERROR;
				CLANG_WARN_EMPTY_BODY = YES;
				CLANG_WARN_ENUM_CONVERSION = YES;
				CLANG_WARN_INT_CONVERSION = YES;
				CLANG_WARN_OBJC_ROOT_CLASS = YES_ERROR;
				CLANG_WARN_UNREACHABLE_CODE = YES;
				CLANG_WARN__DUPLICATE_METHOD_MATCH = YES;
				CODE_SIGN_IDENTITY = "-";
				COPY_PHASE_STRIP = NO;
				DEBUG_INFORMATION_FORMAT = "dwarf-with-dsym";
				ENABLE_NS_ASSERTIONS = NO;
				ENABLE_STRICT_OBJC_MSGSEND = YES;
				GCC_C_LANGUAGE_STANDARD = gnu99;
				GCC_NO_COMMON_BLOCKS = YES;
				GCC_WARN_64_TO_32_BIT_CONVERSION = YES;
				GCC_WARN_ABOUT_RETURN_TYPE = YES_ERROR;
				GCC_WARN_UNDECLARED_SELECTOR = YES;
				GCC_WARN_UNINITIALIZED_AUTOS = YES_AGGRESSIVE;
				GCC_WARN_UNUSED_FUNCTION = YES;
				GCC_WARN_UNUSED_VARIABLE = YES;
				MACOSX_DEPLOYMENT_TARGET = 10.11;
				MTL_ENABLE_DEBUG_INFO = NO;
				SDKROOT = macosx;
			};
			name = Release;
		};
		9F959F301CFD5AF400618248 /* Debug */ = {
			isa = XCBuildConfiguration;
			buildSettings = {
				PRODUCT_NAME = "$(TARGET_NAME)";
			};
			name = Debug;
		};
		9F959F311CFD5AF400618248 /* Release */ = {
			isa = XCBuildConfiguration;
			buildSettings = {
				PRODUCT_NAME = "$(TARGET_NAME)";
			};
			name = Release;
		};
		9F959F5E1CFD7D2B00618248 /* Debug */ = {
			isa = XCBuildConfiguration;
			buildSettings = {
				PRODUCT_NAME = "$(TARGET_NAME)";
			};
			name = Debug;
		};
		9F959F5F1CFD7D2B00618248 /* Release */ = {
			isa = XCBuildConfiguration;
			buildSettings = {
				PRODUCT_NAME = "$(TARGET_NAME)";
			};
			name = Release;
		};
		9F959F6C1CFD811D00618248 /* Debug */ = {
			isa = XCBuildConfiguration;
			buildSettings = {
				PRODUCT_NAME = "$(TARGET_NAME)";
			};
			name = Debug;
		};
		9F959F6D1CFD811D00618248 /* Release */ = {
			isa = XCBuildConfiguration;
			buildSettings = {
				PRODUCT_NAME = "$(TARGET_NAME)";
			};
			name = Release;
		};
		9F959F7A1CFD888400618248 /* Debug */ = {
			isa = XCBuildConfiguration;
			buildSettings = {
				PRODUCT_NAME = "$(TARGET_NAME)";
			};
			name = Debug;
		};
		9F959F7B1CFD888400618248 /* Release */ = {
			isa = XCBuildConfiguration;
			buildSettings = {
				PRODUCT_NAME = "$(TARGET_NAME)";
			};
			name = Release;
		};
		9F959FA01CFD980E00618248 /* Debug */ = {
			isa = XCBuildConfiguration;
			buildSettings = {
				PRODUCT_NAME = "$(TARGET_NAME)";
			};
			name = Debug;
		};
		9F959FA11CFD980E00618248 /* Release */ = {
			isa = XCBuildConfiguration;
			buildSettings = {
				PRODUCT_NAME = "$(TARGET_NAME)";
			};
			name = Release;
		};
		9F959FCB1CFE7A2E00618248 /* Debug */ = {
			isa = XCBuildConfiguration;
			buildSettings = {
				PRODUCT_NAME = "$(TARGET_NAME)";
			};
			name = Debug;
		};
		9F959FCC1CFE7A2E00618248 /* Release */ = {
			isa = XCBuildConfiguration;
			buildSettings = {
				PRODUCT_NAME = "$(TARGET_NAME)";
			};
			name = Release;
		};
		9F959FDC1CFEBF0B00618248 /* Debug */ = {
			isa = XCBuildConfiguration;
			buildSettings = {
				PRODUCT_NAME = "$(TARGET_NAME)";
			};
			name = Debug;
		};
		9F959FDD1CFEBF0B00618248 /* Release */ = {
			isa = XCBuildConfiguration;
			buildSettings = {
				PRODUCT_NAME = "$(TARGET_NAME)";
			};
			name = Release;
		};
		9F959FF41CFED63000618248 /* Debug */ = {
			isa = XCBuildConfiguration;
			buildSettings = {
				PRODUCT_NAME = "$(TARGET_NAME)";
			};
			name = Debug;
		};
		9F959FF51CFED63000618248 /* Release */ = {
			isa = XCBuildConfiguration;
			buildSettings = {
				PRODUCT_NAME = "$(TARGET_NAME)";
			};
			name = Release;
		};
		9F95A00F1CFEDF6B00618248 /* Debug */ = {
			isa = XCBuildConfiguration;
			buildSettings = {
				PRODUCT_NAME = "$(TARGET_NAME)";
			};
			name = Debug;
		};
		9F95A0101CFEDF6B00618248 /* Release */ = {
			isa = XCBuildConfiguration;
			buildSettings = {
				PRODUCT_NAME = "$(TARGET_NAME)";
			};
			name = Release;
		};
/* End XCBuildConfiguration section */

/* Begin XCConfigurationList section */
		9F2F02E41D5329830050DE8F /* Build configuration list for PBXNativeTarget "Facade" */ = {
			isa = XCConfigurationList;
			buildConfigurations = (
				9F2F02E21D5329830050DE8F /* Debug */,
				9F2F02E31D5329830050DE8F /* Release */,
			);
			defaultConfigurationIsVisible = 0;
		};
		9F2F02FE1D543A680050DE8F /* Build configuration list for PBXNativeTarget "Flyweight" */ = {
			isa = XCConfigurationList;
			buildConfigurations = (
				9F2F02FF1D543A680050DE8F /* Debug */,
				9F2F03001D543A680050DE8F /* Release */,
			);
			defaultConfigurationIsVisible = 0;
		};
		9F2F03131D54731F0050DE8F /* Build configuration list for PBXNativeTarget "Proxy" */ = {
			isa = XCConfigurationList;
			buildConfigurations = (
				9F2F03141D54731F0050DE8F /* Debug */,
				9F2F03151D54731F0050DE8F /* Release */,
			);
			defaultConfigurationIsVisible = 0;
		};
		9F8376A01D1A66E6000873FD /* Build configuration list for PBXNativeTarget "Decorator" */ = {
			isa = XCConfigurationList;
			buildConfigurations = (
				9F83769E1D1A66E6000873FD /* Debug */,
				9F83769F1D1A66E6000873FD /* Release */,
			);
			defaultConfigurationIsVisible = 0;
			defaultConfigurationName = Release;
		};
		9F959E921CFD36E300618248 /* Build configuration list for PBXProject "DesginPattern" */ = {
			isa = XCConfigurationList;
			buildConfigurations = (
				9F959E9C1CFD36E300618248 /* Debug */,
				9F959E9D1CFD36E300618248 /* Release */,
			);
			defaultConfigurationIsVisible = 0;
			defaultConfigurationName = Release;
		};
		9F959F2F1CFD5AF400618248 /* Build configuration list for PBXNativeTarget "SimpleFactory" */ = {
			isa = XCConfigurationList;
			buildConfigurations = (
				9F959F301CFD5AF400618248 /* Debug */,
				9F959F311CFD5AF400618248 /* Release */,
			);
			defaultConfigurationIsVisible = 0;
			defaultConfigurationName = Release;
		};
		9F959F5D1CFD7D2B00618248 /* Build configuration list for PBXNativeTarget "Singleton" */ = {
			isa = XCConfigurationList;
			buildConfigurations = (
				9F959F5E1CFD7D2B00618248 /* Debug */,
				9F959F5F1CFD7D2B00618248 /* Release */,
			);
			defaultConfigurationIsVisible = 0;
			defaultConfigurationName = Release;
		};
		9F959F6B1CFD811D00618248 /* Build configuration list for PBXNativeTarget "Prototype" */ = {
			isa = XCConfigurationList;
			buildConfigurations = (
				9F959F6C1CFD811D00618248 /* Debug */,
				9F959F6D1CFD811D00618248 /* Release */,
			);
			defaultConfigurationIsVisible = 0;
			defaultConfigurationName = Release;
		};
		9F959F791CFD888400618248 /* Build configuration list for PBXNativeTarget "FactoryMethod" */ = {
			isa = XCConfigurationList;
			buildConfigurations = (
				9F959F7A1CFD888400618248 /* Debug */,
				9F959F7B1CFD888400618248 /* Release */,
			);
			defaultConfigurationIsVisible = 0;
			defaultConfigurationName = Release;
		};
		9F959F9F1CFD980E00618248 /* Build configuration list for PBXNativeTarget "AbstractFactory" */ = {
			isa = XCConfigurationList;
			buildConfigurations = (
				9F959FA01CFD980E00618248 /* Debug */,
				9F959FA11CFD980E00618248 /* Release */,
			);
			defaultConfigurationIsVisible = 0;
			defaultConfigurationName = Release;
		};
		9F959FCA1CFE7A2E00618248 /* Build configuration list for PBXNativeTarget "Builder" */ = {
			isa = XCConfigurationList;
			buildConfigurations = (
				9F959FCB1CFE7A2E00618248 /* Debug */,
				9F959FCC1CFE7A2E00618248 /* Release */,
			);
			defaultConfigurationIsVisible = 0;
			defaultConfigurationName = Release;
		};
		9F959FDB1CFEBF0B00618248 /* Build configuration list for PBXNativeTarget "Adapter" */ = {
			isa = XCConfigurationList;
			buildConfigurations = (
				9F959FDC1CFEBF0B00618248 /* Debug */,
				9F959FDD1CFEBF0B00618248 /* Release */,
			);
			defaultConfigurationIsVisible = 0;
			defaultConfigurationName = Release;
		};
		9F959FF31CFED63000618248 /* Build configuration list for PBXNativeTarget "Bridge" */ = {
			isa = XCConfigurationList;
			buildConfigurations = (
				9F959FF41CFED63000618248 /* Debug */,
				9F959FF51CFED63000618248 /* Release */,
			);
			defaultConfigurationIsVisible = 0;
			defaultConfigurationName = Release;
		};
		9F95A00E1CFEDF6B00618248 /* Build configuration list for PBXNativeTarget "Composite" */ = {
			isa = XCConfigurationList;
			buildConfigurations = (
				9F95A00F1CFEDF6B00618248 /* Debug */,
				9F95A0101CFEDF6B00618248 /* Release */,
			);
			defaultConfigurationIsVisible = 0;
			defaultConfigurationName = Release;
		};
/* End XCConfigurationList section */
	};
	rootObject = 9F959E8F1CFD36E300618248 /* Project object */;
}
