// !$*UTF8*$!
{
	archiveVersion = 1;
	classes = {
	};
	objectVersion = 46;
	objects = {

/* Begin PBXBuildFile section */
		9F959F2E1CFD5AF400618248 /* main.m in Sources */ = {isa = PBXBuildFile; fileRef = 9F959F2D1CFD5AF400618248 /* main.m */; };
		9F959F3A1CFD5B3E00618248 /* SimpleFactory.m in Sources */ = {isa = PBXBuildFile; fileRef = 9F959F321CFD5B3E00618248 /* SimpleFactory.m */; };
		9F959F3B1CFD5B3E00618248 /* ICBCBankCard.m in Sources */ = {isa = PBXBuildFile; fileRef = 9F959F341CFD5B3E00618248 /* ICBCBankCard.m */; };
		9F959F3C1CFD5B3E00618248 /* BankCard.m in Sources */ = {isa = PBXBuildFile; fileRef = 9F959F361CFD5B3E00618248 /* BankCard.m */; };
		9F959F3D1CFD5B3E00618248 /* ABCBankCard.m in Sources */ = {isa = PBXBuildFile; fileRef = 9F959F381CFD5B3E00618248 /* ABCBankCard.m */; };
		9F959F5C1CFD7D2B00618248 /* main.m in Sources */ = {isa = PBXBuildFile; fileRef = 9F959F5B1CFD7D2B00618248 /* main.m */; };
		9F959F621CFD7D3B00618248 /* Singleton.m in Sources */ = {isa = PBXBuildFile; fileRef = 9F959F611CFD7D3B00618248 /* Singleton.m */; };
/* End PBXBuildFile section */

/* Begin PBXCopyFilesBuildPhase section */
		9F959F291CFD5AF400618248 /* CopyFiles */ = {
			isa = PBXCopyFilesBuildPhase;
			buildActionMask = 2147483647;
			dstPath = /usr/share/man/man1/;
			dstSubfolderSpec = 0;
			files = (
			);
			runOnlyForDeploymentPostprocessing = 1;
		};
		9F959F571CFD7D2B00618248 /* CopyFiles */ = {
			isa = PBXCopyFilesBuildPhase;
			buildActionMask = 2147483647;
			dstPath = /usr/share/man/man1/;
			dstSubfolderSpec = 0;
			files = (
			);
			runOnlyForDeploymentPostprocessing = 1;
		};
/* End PBXCopyFilesBuildPhase section */

/* Begin PBXFileReference section */
		9F959EA11CFD399C00618248 /* README.md */ = {isa = PBXFileReference; lastKnownFileType = net.daringfireball.markdown; path = README.md; sourceTree = "<group>"; };
		9F959F2B1CFD5AF400618248 /* SimpleFactory */ = {isa = PBXFileReference; explicitFileType = "compiled.mach-o.executable"; includeInIndex = 0; path = SimpleFactory; sourceTree = BUILT_PRODUCTS_DIR; };
		9F959F2D1CFD5AF400618248 /* main.m */ = {isa = PBXFileReference; lastKnownFileType = sourcecode.c.objc; path = main.m; sourceTree = "<group>"; };
		9F959F321CFD5B3E00618248 /* SimpleFactory.m */ = {isa = PBXFileReference; fileEncoding = 4; lastKnownFileType = sourcecode.c.objc; path = SimpleFactory.m; sourceTree = "<group>"; };
		9F959F331CFD5B3E00618248 /* SimpleFactory.h */ = {isa = PBXFileReference; fileEncoding = 4; lastKnownFileType = sourcecode.c.h; path = SimpleFactory.h; sourceTree = "<group>"; };
		9F959F341CFD5B3E00618248 /* ICBCBankCard.m */ = {isa = PBXFileReference; fileEncoding = 4; lastKnownFileType = sourcecode.c.objc; path = ICBCBankCard.m; sourceTree = "<group>"; };
		9F959F351CFD5B3E00618248 /* ICBCBankCard.h */ = {isa = PBXFileReference; fileEncoding = 4; lastKnownFileType = sourcecode.c.h; path = ICBCBankCard.h; sourceTree = "<group>"; };
		9F959F361CFD5B3E00618248 /* BankCard.m */ = {isa = PBXFileReference; fileEncoding = 4; lastKnownFileType = sourcecode.c.objc; path = BankCard.m; sourceTree = "<group>"; };
		9F959F371CFD5B3E00618248 /* BankCard.h */ = {isa = PBXFileReference; fileEncoding = 4; lastKnownFileType = sourcecode.c.h; path = BankCard.h; sourceTree = "<group>"; };
		9F959F381CFD5B3E00618248 /* ABCBankCard.m */ = {isa = PBXFileReference; fileEncoding = 4; lastKnownFileType = sourcecode.c.objc; path = ABCBankCard.m; sourceTree = "<group>"; };
		9F959F391CFD5B3E00618248 /* ABCBankCard.h */ = {isa = PBXFileReference; fileEncoding = 4; lastKnownFileType = sourcecode.c.h; path = ABCBankCard.h; sourceTree = "<group>"; };
		9F959F591CFD7D2B00618248 /* Singleton */ = {isa = PBXFileReference; explicitFileType = "compiled.mach-o.executable"; includeInIndex = 0; path = Singleton; sourceTree = BUILT_PRODUCTS_DIR; };
		9F959F5B1CFD7D2B00618248 /* main.m */ = {isa = PBXFileReference; lastKnownFileType = sourcecode.c.objc; path = main.m; sourceTree = "<group>"; };
		9F959F601CFD7D3B00618248 /* Singleton.h */ = {isa = PBXFileReference; fileEncoding = 4; lastKnownFileType = sourcecode.c.h; path = Singleton.h; sourceTree = "<group>"; };
		9F959F611CFD7D3B00618248 /* Singleton.m */ = {isa = PBXFileReference; fileEncoding = 4; lastKnownFileType = sourcecode.c.objc; path = Singleton.m; sourceTree = "<group>"; };
/* End PBXFileReference section */

/* Begin PBXFrameworksBuildPhase section */
		9F959F281CFD5AF400618248 /* Frameworks */ = {
			isa = PBXFrameworksBuildPhase;
			buildActionMask = 2147483647;
			files = (
			);
			runOnlyForDeploymentPostprocessing = 0;
		};
		9F959F561CFD7D2B00618248 /* Frameworks */ = {
			isa = PBXFrameworksBuildPhase;
			buildActionMask = 2147483647;
			files = (
			);
			runOnlyForDeploymentPostprocessing = 0;
		};
/* End PBXFrameworksBuildPhase section */

/* Begin PBXGroup section */
		9F959E8E1CFD36E300618248 = {
			isa = PBXGroup;
			children = (
				9F959F2C1CFD5AF400618248 /* SimpleFactory */,
				9F959EA11CFD399C00618248 /* README.md */,
				9F959F5A1CFD7D2B00618248 /* Singleton */,
				9F959E981CFD36E300618248 /* Products */,
			);
			sourceTree = "<group>";
		};
		9F959E981CFD36E300618248 /* Products */ = {
			isa = PBXGroup;
			children = (
				9F959F2B1CFD5AF400618248 /* SimpleFactory */,
				9F959F591CFD7D2B00618248 /* Singleton */,
			);
			name = Products;
			sourceTree = "<group>";
		};
		9F959F2C1CFD5AF400618248 /* SimpleFactory */ = {
			isa = PBXGroup;
			children = (
				9F959F371CFD5B3E00618248 /* BankCard.h */,
				9F959F361CFD5B3E00618248 /* BankCard.m */,
				9F959F391CFD5B3E00618248 /* ABCBankCard.h */,
				9F959F381CFD5B3E00618248 /* ABCBankCard.m */,
				9F959F351CFD5B3E00618248 /* ICBCBankCard.h */,
				9F959F341CFD5B3E00618248 /* ICBCBankCard.m */,
				9F959F331CFD5B3E00618248 /* SimpleFactory.h */,
				9F959F321CFD5B3E00618248 /* SimpleFactory.m */,
				9F959F2D1CFD5AF400618248 /* main.m */,
			);
			path = SimpleFactory;
			sourceTree = "<group>";
		};
		9F959F5A1CFD7D2B00618248 /* Singleton */ = {
			isa = PBXGroup;
			children = (
				9F959F601CFD7D3B00618248 /* Singleton.h */,
				9F959F611CFD7D3B00618248 /* Singleton.m */,
				9F959F5B1CFD7D2B00618248 /* main.m */,
			);
			path = Singleton;
			sourceTree = "<group>";
		};
/* End PBXGroup section */

/* Begin PBXNativeTarget section */
		9F959F2A1CFD5AF400618248 /* SimpleFactory */ = {
			isa = PBXNativeTarget;
			buildConfigurationList = 9F959F2F1CFD5AF400618248 /* Build configuration list for PBXNativeTarget "SimpleFactory" */;
			buildPhases = (
				9F959F271CFD5AF400618248 /* Sources */,
				9F959F281CFD5AF400618248 /* Frameworks */,
				9F959F291CFD5AF400618248 /* CopyFiles */,
			);
			buildRules = (
			);
			dependencies = (
			);
			name = SimpleFactory;
			productName = SimpleFactory;
			productReference = 9F959F2B1CFD5AF400618248 /* SimpleFactory */;
			productType = "com.apple.product-type.tool";
		};
		9F959F581CFD7D2B00618248 /* Singleton */ = {
			isa = PBXNativeTarget;
			buildConfigurationList = 9F959F5D1CFD7D2B00618248 /* Build configuration list for PBXNativeTarget "Singleton" */;
			buildPhases = (
				9F959F551CFD7D2B00618248 /* Sources */,
				9F959F561CFD7D2B00618248 /* Frameworks */,
				9F959F571CFD7D2B00618248 /* CopyFiles */,
			);
			buildRules = (
			);
			dependencies = (
			);
			name = Singleton;
			productName = Singleton;
			productReference = 9F959F591CFD7D2B00618248 /* Singleton */;
			productType = "com.apple.product-type.tool";
		};
/* End PBXNativeTarget section */

/* Begin PBXProject section */
		9F959E8F1CFD36E300618248 /* Project object */ = {
			isa = PBXProject;
			attributes = {
				LastUpgradeCheck = 0730;
				ORGANIZATIONNAME = "Terwer Green";
				TargetAttributes = {
					9F959F2A1CFD5AF400618248 = {
						CreatedOnToolsVersion = 7.3.1;
					};
					9F959F581CFD7D2B00618248 = {
						CreatedOnToolsVersion = 7.3.1;
					};
				};
			};
			buildConfigurationList = 9F959E921CFD36E300618248 /* Build configuration list for PBXProject "DesginPattern" */;
			compatibilityVersion = "Xcode 3.2";
			developmentRegion = English;
			hasScannedForEncodings = 0;
			knownRegions = (
				en,
				Base,
			);
			mainGroup = 9F959E8E1CFD36E300618248;
			productRefGroup = 9F959E981CFD36E300618248 /* Products */;
			projectDirPath = "";
			projectRoot = "";
			targets = (
				9F959F2A1CFD5AF400618248 /* SimpleFactory */,
				9F959F581CFD7D2B00618248 /* Singleton */,
			);
		};
/* End PBXProject section */

/* Begin PBXSourcesBuildPhase section */
		9F959F271CFD5AF400618248 /* Sources */ = {
			isa = PBXSourcesBuildPhase;
			buildActionMask = 2147483647;
			files = (
				9F959F3B1CFD5B3E00618248 /* ICBCBankCard.m in Sources */,
				9F959F3A1CFD5B3E00618248 /* SimpleFactory.m in Sources */,
				9F959F3D1CFD5B3E00618248 /* ABCBankCard.m in Sources */,
				9F959F2E1CFD5AF400618248 /* main.m in Sources */,
				9F959F3C1CFD5B3E00618248 /* BankCard.m in Sources */,
			);
			runOnlyForDeploymentPostprocessing = 0;
		};
		9F959F551CFD7D2B00618248 /* Sources */ = {
			isa = PBXSourcesBuildPhase;
			buildActionMask = 2147483647;
			files = (
				9F959F5C1CFD7D2B00618248 /* main.m in Sources */,
				9F959F621CFD7D3B00618248 /* Singleton.m in Sources */,
			);
			runOnlyForDeploymentPostprocessing = 0;
		};
/* End PBXSourcesBuildPhase section */

/* Begin XCBuildConfiguration section */
		9F959E9C1CFD36E300618248 /* Debug */ = {
			isa = XCBuildConfiguration;
			buildSettings = {
				ALWAYS_SEARCH_USER_PATHS = NO;
				CLANG_ANALYZER_NONNULL = YES;
				CLANG_CXX_LANGUAGE_STANDARD = "gnu++0x";
				CLANG_CXX_LIBRARY = "libc++";
				CLANG_ENABLE_MODULES = YES;
				CLANG_ENABLE_OBJC_ARC = YES;
				CLANG_WARN_BOOL_CONVERSION = YES;
				CLANG_WARN_CONSTANT_CONVERSION = YES;
				CLANG_WARN_DIRECT_OBJC_ISA_USAGE = YES_ERROR;
				CLANG_WARN_EMPTY_BODY = YES;
				CLANG_WARN_ENUM_CONVERSION = YES;
				CLANG_WARN_INT_CONVERSION = YES;
				CLANG_WARN_OBJC_ROOT_CLASS = YES_ERROR;
				CLANG_WARN_UNREACHABLE_CODE = YES;
				CLANG_WARN__DUPLICATE_METHOD_MATCH = YES;
				CODE_SIGN_IDENTITY = "-";
				COPY_PHASE_STRIP = NO;
				DEBUG_INFORMATION_FORMAT = dwarf;
				ENABLE_STRICT_OBJC_MSGSEND = YES;
				ENABLE_TESTABILITY = YES;
				GCC_C_LANGUAGE_STANDARD = gnu99;
				GCC_DYNAMIC_NO_PIC = NO;
				GCC_NO_COMMON_BLOCKS = YES;
				GCC_OPTIMIZATION_LEVEL = 0;
				GCC_PREPROCESSOR_DEFINITIONS = (
					"DEBUG=1",
					"$(inherited)",
				);
				GCC_WARN_64_TO_32_BIT_CONVERSION = YES;
				GCC_WARN_ABOUT_RETURN_TYPE = YES_ERROR;
				GCC_WARN_UNDECLARED_SELECTOR = YES;
				GCC_WARN_UNINITIALIZED_AUTOS = YES_AGGRESSIVE;
				GCC_WARN_UNUSED_FUNCTION = YES;
				GCC_WARN_UNUSED_VARIABLE = YES;
				MACOSX_DEPLOYMENT_TARGET = 10.11;
				MTL_ENABLE_DEBUG_INFO = YES;
				ONLY_ACTIVE_ARCH = YES;
				SDKROOT = macosx;
			};
			name = Debug;
		};
		9F959E9D1CFD36E300618248 /* Release */ = {
			isa = XCBuildConfiguration;
			buildSettings = {
				ALWAYS_SEARCH_USER_PATHS = NO;
				CLANG_ANALYZER_NONNULL = YES;
				CLANG_CXX_LANGUAGE_STANDARD = "gnu++0x";
				CLANG_CXX_LIBRARY = "libc++";
				CLANG_ENABLE_MODULES = YES;
				CLANG_ENABLE_OBJC_ARC = YES;
				CLANG_WARN_BOOL_CONVERSION = YES;
				CLANG_WARN_CONSTANT_CONVERSION = YES;
				CLANG_WARN_DIRECT_OBJC_ISA_USAGE = YES_ERROR;
				CLANG_WARN_EMPTY_BODY = YES;
				CLANG_WARN_ENUM_CONVERSION = YES;
				CLANG_WARN_INT_CONVERSION = YES;
				CLANG_WARN_OBJC_ROOT_CLASS = YES_ERROR;
				CLANG_WARN_UNREACHABLE_CODE = YES;
				CLANG_WARN__DUPLICATE_METHOD_MATCH = YES;
				CODE_SIGN_IDENTITY = "-";
				COPY_PHASE_STRIP = NO;
				DEBUG_INFORMATION_FORMAT = "dwarf-with-dsym";
				ENABLE_NS_ASSERTIONS = NO;
				ENABLE_STRICT_OBJC_MSGSEND = YES;
				GCC_C_LANGUAGE_STANDARD = gnu99;
				GCC_NO_COMMON_BLOCKS = YES;
				GCC_WARN_64_TO_32_BIT_CONVERSION = YES;
				GCC_WARN_ABOUT_RETURN_TYPE = YES_ERROR;
				GCC_WARN_UNDECLARED_SELECTOR = YES;
				GCC_WARN_UNINITIALIZED_AUTOS = YES_AGGRESSIVE;
				GCC_WARN_UNUSED_FUNCTION = YES;
				GCC_WARN_UNUSED_VARIABLE = YES;
				MACOSX_DEPLOYMENT_TARGET = 10.11;
				MTL_ENABLE_DEBUG_INFO = NO;
				SDKROOT = macosx;
			};
			name = Release;
		};
		9F959F301CFD5AF400618248 /* Debug */ = {
			isa = XCBuildConfiguration;
			buildSettings = {
				PRODUCT_NAME = "$(TARGET_NAME)";
			};
			name = Debug;
		};
		9F959F311CFD5AF400618248 /* Release */ = {
			isa = XCBuildConfiguration;
			buildSettings = {
				PRODUCT_NAME = "$(TARGET_NAME)";
			};
			name = Release;
		};
		9F959F5E1CFD7D2B00618248 /* Debug */ = {
			isa = XCBuildConfiguration;
			buildSettings = {
				PRODUCT_NAME = "$(TARGET_NAME)";
			};
			name = Debug;
		};
		9F959F5F1CFD7D2B00618248 /* Release */ = {
			isa = XCBuildConfiguration;
			buildSettings = {
				PRODUCT_NAME = "$(TARGET_NAME)";
			};
			name = Release;
		};
/* End XCBuildConfiguration section */

/* Begin XCConfigurationList section */
		9F959E921CFD36E300618248 /* Build configuration list for PBXProject "DesginPattern" */ = {
			isa = XCConfigurationList;
			buildConfigurations = (
				9F959E9C1CFD36E300618248 /* Debug */,
				9F959E9D1CFD36E300618248 /* Release */,
			);
			defaultConfigurationIsVisible = 0;
			defaultConfigurationName = Release;
		};
		9F959F2F1CFD5AF400618248 /* Build configuration list for PBXNativeTarget "SimpleFactory" */ = {
			isa = XCConfigurationList;
			buildConfigurations = (
				9F959F301CFD5AF400618248 /* Debug */,
				9F959F311CFD5AF400618248 /* Release */,
			);
			defaultConfigurationIsVisible = 0;
			defaultConfigurationName = Release;
		};
		9F959F5D1CFD7D2B00618248 /* Build configuration list for PBXNativeTarget "Singleton" */ = {
			isa = XCConfigurationList;
			buildConfigurations = (
				9F959F5E1CFD7D2B00618248 /* Debug */,
				9F959F5F1CFD7D2B00618248 /* Release */,
			);
			defaultConfigurationIsVisible = 0;
		};
/* End XCConfigurationList section */
	};
	rootObject = 9F959E8F1CFD36E300618248 /* Project object */;
}
