// !$*UTF8*$!
{
	archiveVersion = 1;
	classes = {
	};
	objectVersion = 46;
	objects = {

/* Begin PBXBuildFile section */
		9F959F2E1CFD5AF400618248 /* main.m in Sources */ = {isa = PBXBuildFile; fileRef = 9F959F2D1CFD5AF400618248 /* main.m */; };
		9F959F3A1CFD5B3E00618248 /* SimpleFactory.m in Sources */ = {isa = PBXBuildFile; fileRef = 9F959F321CFD5B3E00618248 /* SimpleFactory.m */; };
		9F959F3B1CFD5B3E00618248 /* ICBCBankCard.m in Sources */ = {isa = PBXBuildFile; fileRef = 9F959F341CFD5B3E00618248 /* ICBCBankCard.m */; };
		9F959F3C1CFD5B3E00618248 /* BankCard.m in Sources */ = {isa = PBXBuildFile; fileRef = 9F959F361CFD5B3E00618248 /* BankCard.m */; };
		9F959F3D1CFD5B3E00618248 /* ABCBankCard.m in Sources */ = {isa = PBXBuildFile; fileRef = 9F959F381CFD5B3E00618248 /* ABCBankCard.m */; };
		9F959F5C1CFD7D2B00618248 /* main.m in Sources */ = {isa = PBXBuildFile; fileRef = 9F959F5B1CFD7D2B00618248 /* main.m */; };
		9F959F621CFD7D3B00618248 /* Singleton.m in Sources */ = {isa = PBXBuildFile; fileRef = 9F959F611CFD7D3B00618248 /* Singleton.m */; };
		9F959F6A1CFD811D00618248 /* main.m in Sources */ = {isa = PBXBuildFile; fileRef = 9F959F691CFD811D00618248 /* main.m */; };
		9F959F701CFD813900618248 /* Player.m in Sources */ = {isa = PBXBuildFile; fileRef = 9F959F6F1CFD813900618248 /* Player.m */; };
		9F959F781CFD888400618248 /* main.m in Sources */ = {isa = PBXBuildFile; fileRef = 9F959F771CFD888400618248 /* main.m */; };
		9F959F841CFD891D00618248 /* Shape.m in Sources */ = {isa = PBXBuildFile; fileRef = 9F959F831CFD891D00618248 /* Shape.m */; };
		9F959F871CFD8AD300618248 /* CircleShape.m in Sources */ = {isa = PBXBuildFile; fileRef = 9F959F861CFD8AD300618248 /* CircleShape.m */; };
		9F959F8A1CFD8AF900618248 /* SquareShape.m in Sources */ = {isa = PBXBuildFile; fileRef = 9F959F891CFD8AF900618248 /* SquareShape.m */; };
		9F959F8D1CFD8BB100618248 /* ShapeFactory.m in Sources */ = {isa = PBXBuildFile; fileRef = 9F959F8C1CFD8BB100618248 /* ShapeFactory.m */; };
		9F959F901CFD8BC300618248 /* CircleShapeFactory.m in Sources */ = {isa = PBXBuildFile; fileRef = 9F959F8F1CFD8BC300618248 /* CircleShapeFactory.m */; };
		9F959F931CFD8BDA00618248 /* SquareShapeFactory.m in Sources */ = {isa = PBXBuildFile; fileRef = 9F959F921CFD8BDA00618248 /* SquareShapeFactory.m */; };
		9F959F961CFD8BF000618248 /* Client.m in Sources */ = {isa = PBXBuildFile; fileRef = 9F959F951CFD8BF000618248 /* Client.m */; };
/* End PBXBuildFile section */

/* Begin PBXCopyFilesBuildPhase section */
		9F959F291CFD5AF400618248 /* CopyFiles */ = {
			isa = PBXCopyFilesBuildPhase;
			buildActionMask = 2147483647;
			dstPath = /usr/share/man/man1/;
			dstSubfolderSpec = 0;
			files = (
			);
			runOnlyForDeploymentPostprocessing = 1;
		};
		9F959F571CFD7D2B00618248 /* CopyFiles */ = {
			isa = PBXCopyFilesBuildPhase;
			buildActionMask = 2147483647;
			dstPath = /usr/share/man/man1/;
			dstSubfolderSpec = 0;
			files = (
			);
			runOnlyForDeploymentPostprocessing = 1;
		};
		9F959F651CFD811D00618248 /* CopyFiles */ = {
			isa = PBXCopyFilesBuildPhase;
			buildActionMask = 2147483647;
			dstPath = /usr/share/man/man1/;
			dstSubfolderSpec = 0;
			files = (
			);
			runOnlyForDeploymentPostprocessing = 1;
		};
		9F959F731CFD888400618248 /* CopyFiles */ = {
			isa = PBXCopyFilesBuildPhase;
			buildActionMask = 2147483647;
			dstPath = /usr/share/man/man1/;
			dstSubfolderSpec = 0;
			files = (
			);
			runOnlyForDeploymentPostprocessing = 1;
		};
/* End PBXCopyFilesBuildPhase section */

/* Begin PBXFileReference section */
		9F959EA11CFD399C00618248 /* README.md */ = {isa = PBXFileReference; lastKnownFileType = net.daringfireball.markdown; path = README.md; sourceTree = "<group>"; };
		9F959F2B1CFD5AF400618248 /* SimpleFactory */ = {isa = PBXFileReference; explicitFileType = "compiled.mach-o.executable"; includeInIndex = 0; path = SimpleFactory; sourceTree = BUILT_PRODUCTS_DIR; };
		9F959F2D1CFD5AF400618248 /* main.m */ = {isa = PBXFileReference; lastKnownFileType = sourcecode.c.objc; path = main.m; sourceTree = "<group>"; };
		9F959F321CFD5B3E00618248 /* SimpleFactory.m */ = {isa = PBXFileReference; fileEncoding = 4; lastKnownFileType = sourcecode.c.objc; path = SimpleFactory.m; sourceTree = "<group>"; };
		9F959F331CFD5B3E00618248 /* SimpleFactory.h */ = {isa = PBXFileReference; fileEncoding = 4; lastKnownFileType = sourcecode.c.h; path = SimpleFactory.h; sourceTree = "<group>"; };
		9F959F341CFD5B3E00618248 /* ICBCBankCard.m */ = {isa = PBXFileReference; fileEncoding = 4; lastKnownFileType = sourcecode.c.objc; path = ICBCBankCard.m; sourceTree = "<group>"; };
		9F959F351CFD5B3E00618248 /* ICBCBankCard.h */ = {isa = PBXFileReference; fileEncoding = 4; lastKnownFileType = sourcecode.c.h; path = ICBCBankCard.h; sourceTree = "<group>"; };
		9F959F361CFD5B3E00618248 /* BankCard.m */ = {isa = PBXFileReference; fileEncoding = 4; lastKnownFileType = sourcecode.c.objc; path = BankCard.m; sourceTree = "<group>"; };
		9F959F371CFD5B3E00618248 /* BankCard.h */ = {isa = PBXFileReference; fileEncoding = 4; lastKnownFileType = sourcecode.c.h; path = BankCard.h; sourceTree = "<group>"; };
		9F959F381CFD5B3E00618248 /* ABCBankCard.m */ = {isa = PBXFileReference; fileEncoding = 4; lastKnownFileType = sourcecode.c.objc; path = ABCBankCard.m; sourceTree = "<group>"; };
		9F959F391CFD5B3E00618248 /* ABCBankCard.h */ = {isa = PBXFileReference; fileEncoding = 4; lastKnownFileType = sourcecode.c.h; path = ABCBankCard.h; sourceTree = "<group>"; };
		9F959F591CFD7D2B00618248 /* Singleton */ = {isa = PBXFileReference; explicitFileType = "compiled.mach-o.executable"; includeInIndex = 0; path = Singleton; sourceTree = BUILT_PRODUCTS_DIR; };
		9F959F5B1CFD7D2B00618248 /* main.m */ = {isa = PBXFileReference; lastKnownFileType = sourcecode.c.objc; path = main.m; sourceTree = "<group>"; };
		9F959F601CFD7D3B00618248 /* Singleton.h */ = {isa = PBXFileReference; fileEncoding = 4; lastKnownFileType = sourcecode.c.h; path = Singleton.h; sourceTree = "<group>"; };
		9F959F611CFD7D3B00618248 /* Singleton.m */ = {isa = PBXFileReference; fileEncoding = 4; lastKnownFileType = sourcecode.c.objc; path = Singleton.m; sourceTree = "<group>"; };
		9F959F671CFD811D00618248 /* Prototype */ = {isa = PBXFileReference; explicitFileType = "compiled.mach-o.executable"; includeInIndex = 0; path = Prototype; sourceTree = BUILT_PRODUCTS_DIR; };
		9F959F691CFD811D00618248 /* main.m */ = {isa = PBXFileReference; lastKnownFileType = sourcecode.c.objc; path = main.m; sourceTree = "<group>"; };
		9F959F6E1CFD813900618248 /* Player.h */ = {isa = PBXFileReference; fileEncoding = 4; lastKnownFileType = sourcecode.c.h; path = Player.h; sourceTree = "<group>"; };
		9F959F6F1CFD813900618248 /* Player.m */ = {isa = PBXFileReference; fileEncoding = 4; lastKnownFileType = sourcecode.c.objc; path = Player.m; sourceTree = "<group>"; };
		9F959F751CFD888400618248 /* FactoryMethod */ = {isa = PBXFileReference; explicitFileType = "compiled.mach-o.executable"; includeInIndex = 0; path = FactoryMethod; sourceTree = BUILT_PRODUCTS_DIR; };
		9F959F771CFD888400618248 /* main.m */ = {isa = PBXFileReference; lastKnownFileType = sourcecode.c.objc; path = main.m; sourceTree = "<group>"; };
		9F959F821CFD891D00618248 /* Shape.h */ = {isa = PBXFileReference; fileEncoding = 4; lastKnownFileType = sourcecode.c.h; name = Shape.h; path = Product/Shape.h; sourceTree = "<group>"; };
		9F959F831CFD891D00618248 /* Shape.m */ = {isa = PBXFileReference; fileEncoding = 4; lastKnownFileType = sourcecode.c.objc; name = Shape.m; path = Product/Shape.m; sourceTree = "<group>"; };
		9F959F851CFD8AD300618248 /* CircleShape.h */ = {isa = PBXFileReference; fileEncoding = 4; lastKnownFileType = sourcecode.c.h; name = CircleShape.h; path = Product/CircleShape.h; sourceTree = "<group>"; };
		9F959F861CFD8AD300618248 /* CircleShape.m */ = {isa = PBXFileReference; fileEncoding = 4; lastKnownFileType = sourcecode.c.objc; name = CircleShape.m; path = Product/CircleShape.m; sourceTree = "<group>"; };
		9F959F881CFD8AF900618248 /* SquareShape.h */ = {isa = PBXFileReference; fileEncoding = 4; lastKnownFileType = sourcecode.c.h; name = SquareShape.h; path = Product/SquareShape.h; sourceTree = "<group>"; };
		9F959F891CFD8AF900618248 /* SquareShape.m */ = {isa = PBXFileReference; fileEncoding = 4; lastKnownFileType = sourcecode.c.objc; name = SquareShape.m; path = Product/SquareShape.m; sourceTree = "<group>"; };
		9F959F8B1CFD8BB100618248 /* ShapeFactory.h */ = {isa = PBXFileReference; fileEncoding = 4; lastKnownFileType = sourcecode.c.h; name = ShapeFactory.h; path = Creator/ShapeFactory.h; sourceTree = "<group>"; };
		9F959F8C1CFD8BB100618248 /* ShapeFactory.m */ = {isa = PBXFileReference; fileEncoding = 4; lastKnownFileType = sourcecode.c.objc; name = ShapeFactory.m; path = Creator/ShapeFactory.m; sourceTree = "<group>"; };
		9F959F8E1CFD8BC200618248 /* CircleShapeFactory.h */ = {isa = PBXFileReference; fileEncoding = 4; lastKnownFileType = sourcecode.c.h; name = CircleShapeFactory.h; path = Creator/CircleShapeFactory.h; sourceTree = "<group>"; };
		9F959F8F1CFD8BC300618248 /* CircleShapeFactory.m */ = {isa = PBXFileReference; fileEncoding = 4; lastKnownFileType = sourcecode.c.objc; name = CircleShapeFactory.m; path = Creator/CircleShapeFactory.m; sourceTree = "<group>"; };
		9F959F911CFD8BDA00618248 /* SquareShapeFactory.h */ = {isa = PBXFileReference; fileEncoding = 4; lastKnownFileType = sourcecode.c.h; name = SquareShapeFactory.h; path = Creator/SquareShapeFactory.h; sourceTree = "<group>"; };
		9F959F921CFD8BDA00618248 /* SquareShapeFactory.m */ = {isa = PBXFileReference; fileEncoding = 4; lastKnownFileType = sourcecode.c.objc; name = SquareShapeFactory.m; path = Creator/SquareShapeFactory.m; sourceTree = "<group>"; };
		9F959F941CFD8BF000618248 /* Client.h */ = {isa = PBXFileReference; fileEncoding = 4; lastKnownFileType = sourcecode.c.h; name = Client.h; path = Client/Client.h; sourceTree = "<group>"; };
		9F959F951CFD8BF000618248 /* Client.m */ = {isa = PBXFileReference; fileEncoding = 4; lastKnownFileType = sourcecode.c.objc; name = Client.m; path = Client/Client.m; sourceTree = "<group>"; };
/* End PBXFileReference section */

/* Begin PBXFrameworksBuildPhase section */
		9F959F281CFD5AF400618248 /* Frameworks */ = {
			isa = PBXFrameworksBuildPhase;
			buildActionMask = 2147483647;
			files = (
			);
			runOnlyForDeploymentPostprocessing = 0;
		};
		9F959F561CFD7D2B00618248 /* Frameworks */ = {
			isa = PBXFrameworksBuildPhase;
			buildActionMask = 2147483647;
			files = (
			);
			runOnlyForDeploymentPostprocessing = 0;
		};
		9F959F641CFD811D00618248 /* Frameworks */ = {
			isa = PBXFrameworksBuildPhase;
			buildActionMask = 2147483647;
			files = (
			);
			runOnlyForDeploymentPostprocessing = 0;
		};
		9F959F721CFD888400618248 /* Frameworks */ = {
			isa = PBXFrameworksBuildPhase;
			buildActionMask = 2147483647;
			files = (
			);
			runOnlyForDeploymentPostprocessing = 0;
		};
/* End PBXFrameworksBuildPhase section */

/* Begin PBXGroup section */
		9F959E8E1CFD36E300618248 = {
			isa = PBXGroup;
			children = (
				9F959F2C1CFD5AF400618248 /* SimpleFactory */,
				9F959F5A1CFD7D2B00618248 /* Singleton */,
				9F959F681CFD811D00618248 /* Prototype */,
				9F959F761CFD888400618248 /* FactoryMethod */,
				9F959EA11CFD399C00618248 /* README.md */,
				9F959E981CFD36E300618248 /* Products */,
			);
			sourceTree = "<group>";
		};
		9F959E981CFD36E300618248 /* Products */ = {
			isa = PBXGroup;
			children = (
				9F959F2B1CFD5AF400618248 /* SimpleFactory */,
				9F959F591CFD7D2B00618248 /* Singleton */,
				9F959F671CFD811D00618248 /* Prototype */,
				9F959F751CFD888400618248 /* FactoryMethod */,
			);
			name = Products;
			sourceTree = "<group>";
		};
		9F959F2C1CFD5AF400618248 /* SimpleFactory */ = {
			isa = PBXGroup;
			children = (
				9F959F371CFD5B3E00618248 /* BankCard.h */,
				9F959F361CFD5B3E00618248 /* BankCard.m */,
				9F959F391CFD5B3E00618248 /* ABCBankCard.h */,
				9F959F381CFD5B3E00618248 /* ABCBankCard.m */,
				9F959F351CFD5B3E00618248 /* ICBCBankCard.h */,
				9F959F341CFD5B3E00618248 /* ICBCBankCard.m */,
				9F959F331CFD5B3E00618248 /* SimpleFactory.h */,
				9F959F321CFD5B3E00618248 /* SimpleFactory.m */,
				9F959F2D1CFD5AF400618248 /* main.m */,
			);
			path = SimpleFactory;
			sourceTree = "<group>";
		};
		9F959F5A1CFD7D2B00618248 /* Singleton */ = {
			isa = PBXGroup;
			children = (
				9F959F601CFD7D3B00618248 /* Singleton.h */,
				9F959F611CFD7D3B00618248 /* Singleton.m */,
				9F959F5B1CFD7D2B00618248 /* main.m */,
			);
			path = Singleton;
			sourceTree = "<group>";
		};
		9F959F681CFD811D00618248 /* Prototype */ = {
			isa = PBXGroup;
			children = (
				9F959F6E1CFD813900618248 /* Player.h */,
				9F959F6F1CFD813900618248 /* Player.m */,
				9F959F691CFD811D00618248 /* main.m */,
			);
			path = Prototype;
			sourceTree = "<group>";
		};
		9F959F761CFD888400618248 /* FactoryMethod */ = {
			isa = PBXGroup;
			children = (
				9F959F7C1CFD88A900618248 /* Client */,
				9F959F7D1CFD88B700618248 /* Product */,
				9F959F7E1CFD88BF00618248 /* Creator */,
				9F959F771CFD888400618248 /* main.m */,
			);
			path = FactoryMethod;
			sourceTree = "<group>";
		};
		9F959F7C1CFD88A900618248 /* Client */ = {
			isa = PBXGroup;
			children = (
				9F959F941CFD8BF000618248 /* Client.h */,
				9F959F951CFD8BF000618248 /* Client.m */,
			);
			name = Client;
			sourceTree = "<group>";
		};
		9F959F7D1CFD88B700618248 /* Product */ = {
			isa = PBXGroup;
			children = (
				9F959F821CFD891D00618248 /* Shape.h */,
				9F959F831CFD891D00618248 /* Shape.m */,
				9F959F851CFD8AD300618248 /* CircleShape.h */,
				9F959F861CFD8AD300618248 /* CircleShape.m */,
				9F959F881CFD8AF900618248 /* SquareShape.h */,
				9F959F891CFD8AF900618248 /* SquareShape.m */,
			);
			name = Product;
			sourceTree = "<group>";
		};
		9F959F7E1CFD88BF00618248 /* Creator */ = {
			isa = PBXGroup;
			children = (
				9F959F8B1CFD8BB100618248 /* ShapeFactory.h */,
				9F959F8C1CFD8BB100618248 /* ShapeFactory.m */,
				9F959F8E1CFD8BC200618248 /* CircleShapeFactory.h */,
				9F959F8F1CFD8BC300618248 /* CircleShapeFactory.m */,
				9F959F911CFD8BDA00618248 /* SquareShapeFactory.h */,
				9F959F921CFD8BDA00618248 /* SquareShapeFactory.m */,
			);
			name = Creator;
			sourceTree = "<group>";
		};
/* End PBXGroup section */

/* Begin PBXNativeTarget section */
		9F959F2A1CFD5AF400618248 /* SimpleFactory */ = {
			isa = PBXNativeTarget;
			buildConfigurationList = 9F959F2F1CFD5AF400618248 /* Build configuration list for PBXNativeTarget "SimpleFactory" */;
			buildPhases = (
				9F959F271CFD5AF400618248 /* Sources */,
				9F959F281CFD5AF400618248 /* Frameworks */,
				9F959F291CFD5AF400618248 /* CopyFiles */,
			);
			buildRules = (
			);
			dependencies = (
			);
			name = SimpleFactory;
			productName = SimpleFactory;
			productReference = 9F959F2B1CFD5AF400618248 /* SimpleFactory */;
			productType = "com.apple.product-type.tool";
		};
		9F959F581CFD7D2B00618248 /* Singleton */ = {
			isa = PBXNativeTarget;
			buildConfigurationList = 9F959F5D1CFD7D2B00618248 /* Build configuration list for PBXNativeTarget "Singleton" */;
			buildPhases = (
				9F959F551CFD7D2B00618248 /* Sources */,
				9F959F561CFD7D2B00618248 /* Frameworks */,
				9F959F571CFD7D2B00618248 /* CopyFiles */,
			);
			buildRules = (
			);
			dependencies = (
			);
			name = Singleton;
			productName = Singleton;
			productReference = 9F959F591CFD7D2B00618248 /* Singleton */;
			productType = "com.apple.product-type.tool";
		};
		9F959F661CFD811D00618248 /* Prototype */ = {
			isa = PBXNativeTarget;
			buildConfigurationList = 9F959F6B1CFD811D00618248 /* Build configuration list for PBXNativeTarget "Prototype" */;
			buildPhases = (
				9F959F631CFD811D00618248 /* Sources */,
				9F959F641CFD811D00618248 /* Frameworks */,
				9F959F651CFD811D00618248 /* CopyFiles */,
			);
			buildRules = (
			);
			dependencies = (
			);
			name = Prototype;
			productName = Prototype;
			productReference = 9F959F671CFD811D00618248 /* Prototype */;
			productType = "com.apple.product-type.tool";
		};
		9F959F741CFD888400618248 /* FactoryMethod */ = {
			isa = PBXNativeTarget;
			buildConfigurationList = 9F959F791CFD888400618248 /* Build configuration list for PBXNativeTarget "FactoryMethod" */;
			buildPhases = (
				9F959F711CFD888400618248 /* Sources */,
				9F959F721CFD888400618248 /* Frameworks */,
				9F959F731CFD888400618248 /* CopyFiles */,
			);
			buildRules = (
			);
			dependencies = (
			);
			name = FactoryMethod;
			productName = FactoryMethod;
			productReference = 9F959F751CFD888400618248 /* FactoryMethod */;
			productType = "com.apple.product-type.tool";
		};
/* End PBXNativeTarget section */

/* Begin PBXProject section */
		9F959E8F1CFD36E300618248 /* Project object */ = {
			isa = PBXProject;
			attributes = {
				LastUpgradeCheck = 0730;
				ORGANIZATIONNAME = "Terwer Green";
				TargetAttributes = {
					9F959F2A1CFD5AF400618248 = {
						CreatedOnToolsVersion = 7.3.1;
					};
					9F959F581CFD7D2B00618248 = {
						CreatedOnToolsVersion = 7.3.1;
					};
					9F959F661CFD811D00618248 = {
						CreatedOnToolsVersion = 7.3.1;
					};
					9F959F741CFD888400618248 = {
						CreatedOnToolsVersion = 7.3.1;
					};
				};
			};
			buildConfigurationList = 9F959E921CFD36E300618248 /* Build configuration list for PBXProject "DesginPattern" */;
			compatibilityVersion = "Xcode 3.2";
			developmentRegion = English;
			hasScannedForEncodings = 0;
			knownRegions = (
				en,
				Base,
			);
			mainGroup = 9F959E8E1CFD36E300618248;
			productRefGroup = 9F959E981CFD36E300618248 /* Products */;
			projectDirPath = "";
			projectRoot = "";
			targets = (
				9F959F2A1CFD5AF400618248 /* SimpleFactory */,
				9F959F581CFD7D2B00618248 /* Singleton */,
				9F959F661CFD811D00618248 /* Prototype */,
				9F959F741CFD888400618248 /* FactoryMethod */,
			);
		};
/* End PBXProject section */

/* Begin PBXSourcesBuildPhase section */
		9F959F271CFD5AF400618248 /* Sources */ = {
			isa = PBXSourcesBuildPhase;
			buildActionMask = 2147483647;
			files = (
				9F959F3B1CFD5B3E00618248 /* ICBCBankCard.m in Sources */,
				9F959F3A1CFD5B3E00618248 /* SimpleFactory.m in Sources */,
				9F959F3D1CFD5B3E00618248 /* ABCBankCard.m in Sources */,
				9F959F2E1CFD5AF400618248 /* main.m in Sources */,
				9F959F3C1CFD5B3E00618248 /* BankCard.m in Sources */,
			);
			runOnlyForDeploymentPostprocessing = 0;
		};
		9F959F551CFD7D2B00618248 /* Sources */ = {
			isa = PBXSourcesBuildPhase;
			buildActionMask = 2147483647;
			files = (
				9F959F5C1CFD7D2B00618248 /* main.m in Sources */,
				9F959F621CFD7D3B00618248 /* Singleton.m in Sources */,
			);
			runOnlyForDeploymentPostprocessing = 0;
		};
		9F959F631CFD811D00618248 /* Sources */ = {
			isa = PBXSourcesBuildPhase;
			buildActionMask = 2147483647;
			files = (
				9F959F701CFD813900618248 /* Player.m in Sources */,
				9F959F6A1CFD811D00618248 /* main.m in Sources */,
			);
			runOnlyForDeploymentPostprocessing = 0;
		};
		9F959F711CFD888400618248 /* Sources */ = {
			isa = PBXSourcesBuildPhase;
			buildActionMask = 2147483647;
			files = (
				9F959F871CFD8AD300618248 /* CircleShape.m in Sources */,
				9F959F781CFD888400618248 /* main.m in Sources */,
				9F959F961CFD8BF000618248 /* Client.m in Sources */,
				9F959F8D1CFD8BB100618248 /* ShapeFactory.m in Sources */,
				9F959F8A1CFD8AF900618248 /* SquareShape.m in Sources */,
				9F959F931CFD8BDA00618248 /* SquareShapeFactory.m in Sources */,
				9F959F901CFD8BC300618248 /* CircleShapeFactory.m in Sources */,
				9F959F841CFD891D00618248 /* Shape.m in Sources */,
			);
			runOnlyForDeploymentPostprocessing = 0;
		};
/* End PBXSourcesBuildPhase section */

/* Begin XCBuildConfiguration section */
		9F959E9C1CFD36E300618248 /* Debug */ = {
			isa = XCBuildConfiguration;
			buildSettings = {
				ALWAYS_SEARCH_USER_PATHS = NO;
				CLANG_ANALYZER_NONNULL = YES;
				CLANG_CXX_LANGUAGE_STANDARD = "gnu++0x";
				CLANG_CXX_LIBRARY = "libc++";
				CLANG_ENABLE_MODULES = YES;
				CLANG_ENABLE_OBJC_ARC = YES;
				CLANG_WARN_BOOL_CONVERSION = YES;
				CLANG_WARN_CONSTANT_CONVERSION = YES;
				CLANG_WARN_DIRECT_OBJC_ISA_USAGE = YES_ERROR;
				CLANG_WARN_EMPTY_BODY = YES;
				CLANG_WARN_ENUM_CONVERSION = YES;
				CLANG_WARN_INT_CONVERSION = YES;
				CLANG_WARN_OBJC_ROOT_CLASS = YES_ERROR;
				CLANG_WARN_UNREACHABLE_CODE = YES;
				CLANG_WARN__DUPLICATE_METHOD_MATCH = YES;
				CODE_SIGN_IDENTITY = "-";
				COPY_PHASE_STRIP = NO;
				DEBUG_INFORMATION_FORMAT = dwarf;
				ENABLE_STRICT_OBJC_MSGSEND = YES;
				ENABLE_TESTABILITY = YES;
				GCC_C_LANGUAGE_STANDARD = gnu99;
				GCC_DYNAMIC_NO_PIC = NO;
				GCC_NO_COMMON_BLOCKS = YES;
				GCC_OPTIMIZATION_LEVEL = 0;
				GCC_PREPROCESSOR_DEFINITIONS = (
					"DEBUG=1",
					"$(inherited)",
				);
				GCC_WARN_64_TO_32_BIT_CONVERSION = YES;
				GCC_WARN_ABOUT_RETURN_TYPE = YES_ERROR;
				GCC_WARN_UNDECLARED_SELECTOR = YES;
				GCC_WARN_UNINITIALIZED_AUTOS = YES_AGGRESSIVE;
				GCC_WARN_UNUSED_FUNCTION = YES;
				GCC_WARN_UNUSED_VARIABLE = YES;
				MACOSX_DEPLOYMENT_TARGET = 10.11;
				MTL_ENABLE_DEBUG_INFO = YES;
				ONLY_ACTIVE_ARCH = YES;
				SDKROOT = macosx;
			};
			name = Debug;
		};
		9F959E9D1CFD36E300618248 /* Release */ = {
			isa = XCBuildConfiguration;
			buildSettings = {
				ALWAYS_SEARCH_USER_PATHS = NO;
				CLANG_ANALYZER_NONNULL = YES;
				CLANG_CXX_LANGUAGE_STANDARD = "gnu++0x";
				CLANG_CXX_LIBRARY = "libc++";
				CLANG_ENABLE_MODULES = YES;
				CLANG_ENABLE_OBJC_ARC = YES;
				CLANG_WARN_BOOL_CONVERSION = YES;
				CLANG_WARN_CONSTANT_CONVERSION = YES;
				CLANG_WARN_DIRECT_OBJC_ISA_USAGE = YES_ERROR;
				CLANG_WARN_EMPTY_BODY = YES;
				CLANG_WARN_ENUM_CONVERSION = YES;
				CLANG_WARN_INT_CONVERSION = YES;
				CLANG_WARN_OBJC_ROOT_CLASS = YES_ERROR;
				CLANG_WARN_UNREACHABLE_CODE = YES;
				CLANG_WARN__DUPLICATE_METHOD_MATCH = YES;
				CODE_SIGN_IDENTITY = "-";
				COPY_PHASE_STRIP = NO;
				DEBUG_INFORMATION_FORMAT = "dwarf-with-dsym";
				ENABLE_NS_ASSERTIONS = NO;
				ENABLE_STRICT_OBJC_MSGSEND = YES;
				GCC_C_LANGUAGE_STANDARD = gnu99;
				GCC_NO_COMMON_BLOCKS = YES;
				GCC_WARN_64_TO_32_BIT_CONVERSION = YES;
				GCC_WARN_ABOUT_RETURN_TYPE = YES_ERROR;
				GCC_WARN_UNDECLARED_SELECTOR = YES;
				GCC_WARN_UNINITIALIZED_AUTOS = YES_AGGRESSIVE;
				GCC_WARN_UNUSED_FUNCTION = YES;
				GCC_WARN_UNUSED_VARIABLE = YES;
				MACOSX_DEPLOYMENT_TARGET = 10.11;
				MTL_ENABLE_DEBUG_INFO = NO;
				SDKROOT = macosx;
			};
			name = Release;
		};
		9F959F301CFD5AF400618248 /* Debug */ = {
			isa = XCBuildConfiguration;
			buildSettings = {
				PRODUCT_NAME = "$(TARGET_NAME)";
			};
			name = Debug;
		};
		9F959F311CFD5AF400618248 /* Release */ = {
			isa = XCBuildConfiguration;
			buildSettings = {
				PRODUCT_NAME = "$(TARGET_NAME)";
			};
			name = Release;
		};
		9F959F5E1CFD7D2B00618248 /* Debug */ = {
			isa = XCBuildConfiguration;
			buildSettings = {
				PRODUCT_NAME = "$(TARGET_NAME)";
			};
			name = Debug;
		};
		9F959F5F1CFD7D2B00618248 /* Release */ = {
			isa = XCBuildConfiguration;
			buildSettings = {
				PRODUCT_NAME = "$(TARGET_NAME)";
			};
			name = Release;
		};
		9F959F6C1CFD811D00618248 /* Debug */ = {
			isa = XCBuildConfiguration;
			buildSettings = {
				PRODUCT_NAME = "$(TARGET_NAME)";
			};
			name = Debug;
		};
		9F959F6D1CFD811D00618248 /* Release */ = {
			isa = XCBuildConfiguration;
			buildSettings = {
				PRODUCT_NAME = "$(TARGET_NAME)";
			};
			name = Release;
		};
		9F959F7A1CFD888400618248 /* Debug */ = {
			isa = XCBuildConfiguration;
			buildSettings = {
				PRODUCT_NAME = "$(TARGET_NAME)";
			};
			name = Debug;
		};
		9F959F7B1CFD888400618248 /* Release */ = {
			isa = XCBuildConfiguration;
			buildSettings = {
				PRODUCT_NAME = "$(TARGET_NAME)";
			};
			name = Release;
		};
/* End XCBuildConfiguration section */

/* Begin XCConfigurationList section */
		9F959E921CFD36E300618248 /* Build configuration list for PBXProject "DesginPattern" */ = {
			isa = XCConfigurationList;
			buildConfigurations = (
				9F959E9C1CFD36E300618248 /* Debug */,
				9F959E9D1CFD36E300618248 /* Release */,
			);
			defaultConfigurationIsVisible = 0;
			defaultConfigurationName = Release;
		};
		9F959F2F1CFD5AF400618248 /* Build configuration list for PBXNativeTarget "SimpleFactory" */ = {
			isa = XCConfigurationList;
			buildConfigurations = (
				9F959F301CFD5AF400618248 /* Debug */,
				9F959F311CFD5AF400618248 /* Release */,
			);
			defaultConfigurationIsVisible = 0;
			defaultConfigurationName = Release;
		};
		9F959F5D1CFD7D2B00618248 /* Build configuration list for PBXNativeTarget "Singleton" */ = {
			isa = XCConfigurationList;
			buildConfigurations = (
				9F959F5E1CFD7D2B00618248 /* Debug */,
				9F959F5F1CFD7D2B00618248 /* Release */,
			);
			defaultConfigurationIsVisible = 0;
			defaultConfigurationName = Release;
		};
		9F959F6B1CFD811D00618248 /* Build configuration list for PBXNativeTarget "Prototype" */ = {
			isa = XCConfigurationList;
			buildConfigurations = (
				9F959F6C1CFD811D00618248 /* Debug */,
				9F959F6D1CFD811D00618248 /* Release */,
			);
			defaultConfigurationIsVisible = 0;
		};
		9F959F791CFD888400618248 /* Build configuration list for PBXNativeTarget "FactoryMethod" */ = {
			isa = XCConfigurationList;
			buildConfigurations = (
				9F959F7A1CFD888400618248 /* Debug */,
				9F959F7B1CFD888400618248 /* Release */,
			);
			defaultConfigurationIsVisible = 0;
		};
/* End XCConfigurationList section */
	};
	rootObject = 9F959E8F1CFD36E300618248 /* Project object */;
}
